// !$*UTF8*$!
{
	archiveVersion = 1;
	classes = {
	};
	objectVersion = 56;
	objects = {

/* Begin PBXBuildFile section */
		F43AE4CA29948B70004CAE05 /* FavoriteView.swift in Sources */ = {isa = PBXBuildFile; fileRef = F43AE4C929948B70004CAE05 /* FavoriteView.swift */; };
		F43AE4E5299544D3004CAE05 /* Place+CoreDataClass.swift in Sources */ = {isa = PBXBuildFile; fileRef = F43AE4DB299544D3004CAE05 /* Place+CoreDataClass.swift */; };
		F43AE4E6299544D3004CAE05 /* Place+CoreDataProperties.swift in Sources */ = {isa = PBXBuildFile; fileRef = F43AE4DC299544D3004CAE05 /* Place+CoreDataProperties.swift */; };
		F43AE4E7299544D3004CAE05 /* Sofha+CoreDataClass.swift in Sources */ = {isa = PBXBuildFile; fileRef = F43AE4DD299544D3004CAE05 /* Sofha+CoreDataClass.swift */; };
		F43AE4E8299544D3004CAE05 /* Sofha+CoreDataProperties.swift in Sources */ = {isa = PBXBuildFile; fileRef = F43AE4DE299544D3004CAE05 /* Sofha+CoreDataProperties.swift */; };
		F43AE4E9299544D3004CAE05 /* Aya+CoreDataClass.swift in Sources */ = {isa = PBXBuildFile; fileRef = F43AE4DF299544D3004CAE05 /* Aya+CoreDataClass.swift */; };
		F43AE4EA299544D3004CAE05 /* Aya+CoreDataProperties.swift in Sources */ = {isa = PBXBuildFile; fileRef = F43AE4E0299544D3004CAE05 /* Aya+CoreDataProperties.swift */; };
		F43AE4EB299544D3004CAE05 /* Kollection+CoreDataClass.swift in Sources */ = {isa = PBXBuildFile; fileRef = F43AE4E1299544D3004CAE05 /* Kollection+CoreDataClass.swift */; };
		F43AE4EC299544D3004CAE05 /* Kollection+CoreDataProperties.swift in Sources */ = {isa = PBXBuildFile; fileRef = F43AE4E2299544D3004CAE05 /* Kollection+CoreDataProperties.swift */; };
		F43AE4ED299544D3004CAE05 /* Sura+CoreDataClass.swift in Sources */ = {isa = PBXBuildFile; fileRef = F43AE4E3299544D3004CAE05 /* Sura+CoreDataClass.swift */; };
		F43AE4EE299544D3004CAE05 /* Sura+CoreDataProperties.swift in Sources */ = {isa = PBXBuildFile; fileRef = F43AE4E4299544D3004CAE05 /* Sura+CoreDataProperties.swift */; };
		F43AE4F029955CAB004CAE05 /* EnvKey.swift in Sources */ = {isa = PBXBuildFile; fileRef = F43AE4EF29955CAB004CAE05 /* EnvKey.swift */; };
		F43AE4F22995636A004CAE05 /* Color.swift in Sources */ = {isa = PBXBuildFile; fileRef = F43AE4F12995636A004CAE05 /* Color.swift */; };
		F43AE4F42995707B004CAE05 /* NSSet.swift in Sources */ = {isa = PBXBuildFile; fileRef = F43AE4F32995707B004CAE05 /* NSSet.swift */; };
		F43AE4F6299570AF004CAE05 /* NSOrderedSet.swift in Sources */ = {isa = PBXBuildFile; fileRef = F43AE4F5299570AF004CAE05 /* NSOrderedSet.swift */; };
		F43AE4F9299570F2004CAE05 /* View.swift in Sources */ = {isa = PBXBuildFile; fileRef = F43AE4F8299570F2004CAE05 /* View.swift */; };
		F43AE4FB29957111004CAE05 /* String.swift in Sources */ = {isa = PBXBuildFile; fileRef = F43AE4FA29957111004CAE05 /* String.swift */; };
		F460982D2987516F00EDEAF7 /* MainView.swift in Sources */ = {isa = PBXBuildFile; fileRef = F460982C2987516F00EDEAF7 /* MainView.swift */; };
		F4609831298825F300EDEAF7 /* QuranSettings.swift in Sources */ = {isa = PBXBuildFile; fileRef = F4609830298825F300EDEAF7 /* QuranSettings.swift */; };
		F460983329882A4600EDEAF7 /* Model.swift in Sources */ = {isa = PBXBuildFile; fileRef = F460983229882A4600EDEAF7 /* Model.swift */; };
		F460983529882ABA00EDEAF7 /* ModelSettings.swift in Sources */ = {isa = PBXBuildFile; fileRef = F460983429882ABA00EDEAF7 /* ModelSettings.swift */; };
		F460983729884F9A00EDEAF7 /* Sofha+SwiftUI.swift in Sources */ = {isa = PBXBuildFile; fileRef = F460983629884F9A00EDEAF7 /* Sofha+SwiftUI.swift */; };
		F4A4B0ED298449FB000ABB8D /* QuranApp.swift in Sources */ = {isa = PBXBuildFile; fileRef = F4A4B0EC298449FB000ABB8D /* QuranApp.swift */; };
		F4A4B0EF298449FB000ABB8D /* ContentView.swift in Sources */ = {isa = PBXBuildFile; fileRef = F4A4B0EE298449FB000ABB8D /* ContentView.swift */; };
		F4A4B0F1298449FE000ABB8D /* Assets.xcassets in Resources */ = {isa = PBXBuildFile; fileRef = F4A4B0F0298449FE000ABB8D /* Assets.xcassets */; };
		F4A4B0F4298449FE000ABB8D /* Preview Assets.xcassets in Resources */ = {isa = PBXBuildFile; fileRef = F4A4B0F3298449FE000ABB8D /* Preview Assets.xcassets */; };
		F4A4B0F6298449FE000ABB8D /* Persistence.swift in Sources */ = {isa = PBXBuildFile; fileRef = F4A4B0F5298449FE000ABB8D /* Persistence.swift */; };
		F4A4B0F9298449FE000ABB8D /* Quran.xcdatamodeld in Sources */ = {isa = PBXBuildFile; fileRef = F4A4B0F7298449FE000ABB8D /* Quran.xcdatamodeld */; };
		F4A4B10E29844B37000ABB8D /* Localizable.strings in Resources */ = {isa = PBXBuildFile; fileRef = F4A4B10029844B37000ABB8D /* Localizable.strings */; };
		F4A4B10F29844B37000ABB8D /* ayas.strings in Resources */ = {isa = PBXBuildFile; fileRef = F4A4B10229844B37000ABB8D /* ayas.strings */; };
		F4A4B11029844B37000ABB8D /* suras.strings in Resources */ = {isa = PBXBuildFile; fileRef = F4A4B10529844B37000ABB8D /* suras.strings */; };
		F4A4B11129844B37000ABB8D /* me_quran.ttf in Resources */ = {isa = PBXBuildFile; fileRef = F4A4B10B29844B37000ABB8D /* me_quran.ttf */; };
		F4A4B11229844B37000ABB8D /* Waseem.ttc in Resources */ = {isa = PBXBuildFile; fileRef = F4A4B10C29844B37000ABB8D /* Waseem.ttc */; };
		F4A4B11329844B37000ABB8D /* quran.json in Resources */ = {isa = PBXBuildFile; fileRef = F4A4B10D29844B37000ABB8D /* quran.json */; };
		F4A4B11529844BE2000ABB8D /* LoadData.swift in Sources */ = {isa = PBXBuildFile; fileRef = F4A4B11429844BE2000ABB8D /* LoadData.swift */; };
		F4A4B11C29844C0A000ABB8D /* RankView.swift in Sources */ = {isa = PBXBuildFile; fileRef = F4A4B11729844C0A000ABB8D /* RankView.swift */; };
		F4A4B11D29844C0A000ABB8D /* CloseButton.swift in Sources */ = {isa = PBXBuildFile; fileRef = F4A4B11829844C0A000ABB8D /* CloseButton.swift */; };
		F4A4B11E29844C0A000ABB8D /* MoreLink.swift in Sources */ = {isa = PBXBuildFile; fileRef = F4A4B11929844C0A000ABB8D /* MoreLink.swift */; };
		F4A4B11F29844C0A000ABB8D /* Container.swift in Sources */ = {isa = PBXBuildFile; fileRef = F4A4B11A29844C0A000ABB8D /* Container.swift */; };
		F4A4B12029844C0A000ABB8D /* PageView.swift in Sources */ = {isa = PBXBuildFile; fileRef = F4A4B11B29844C0A000ABB8D /* PageView.swift */; };
		F4A4B13E29844C31000ABB8D /* HomeView.swift in Sources */ = {isa = PBXBuildFile; fileRef = F4A4B12229844C31000ABB8D /* HomeView.swift */; };
		F4A4B13F29844C31000ABB8D /* AyaView.swift in Sources */ = {isa = PBXBuildFile; fileRef = F4A4B12429844C31000ABB8D /* AyaView.swift */; };
		F4A4B14029844C31000ABB8D /* SuraList.swift in Sources */ = {isa = PBXBuildFile; fileRef = F4A4B12529844C31000ABB8D /* SuraList.swift */; };
		F4A4B14129844C31000ABB8D /* SuraRow.swift in Sources */ = {isa = PBXBuildFile; fileRef = F4A4B12629844C31000ABB8D /* SuraRow.swift */; };
		F4A4B14229844C31000ABB8D /* SurasView.swift in Sources */ = {isa = PBXBuildFile; fileRef = F4A4B12729844C31000ABB8D /* SurasView.swift */; };
		F4A4B14329844C31000ABB8D /* SuraView.swift in Sources */ = {isa = PBXBuildFile; fileRef = F4A4B12829844C31000ABB8D /* SuraView.swift */; };
		F4A4B14429844C31000ABB8D /* Sura.swift in Sources */ = {isa = PBXBuildFile; fileRef = F4A4B12929844C31000ABB8D /* Sura.swift */; };
		F4A4B14529844C31000ABB8D /* AyaRow.swift in Sources */ = {isa = PBXBuildFile; fileRef = F4A4B12A29844C31000ABB8D /* AyaRow.swift */; };
		F4A4B14629844C31000ABB8D /* Aya.swift in Sources */ = {isa = PBXBuildFile; fileRef = F4A4B12B29844C31000ABB8D /* Aya.swift */; };
		F4A4B14729844C31000ABB8D /* SuraViewModel.swift in Sources */ = {isa = PBXBuildFile; fileRef = F4A4B12C29844C31000ABB8D /* SuraViewModel.swift */; };
		F4A4B14829844C31000ABB8D /* SearchView.swift in Sources */ = {isa = PBXBuildFile; fileRef = F4A4B12E29844C31000ABB8D /* SearchView.swift */; };
		F4A4B14929844C31000ABB8D /* SearchModel.swift in Sources */ = {isa = PBXBuildFile; fileRef = F4A4B12F29844C31000ABB8D /* SearchModel.swift */; };
		F4A4B14A29844C31000ABB8D /* QuranIndexView.swift in Sources */ = {isa = PBXBuildFile; fileRef = F4A4B13129844C31000ABB8D /* QuranIndexView.swift */; };
		F4A4B14B29844C31000ABB8D /* QuranView.swift in Sources */ = {isa = PBXBuildFile; fileRef = F4A4B13229844C31000ABB8D /* QuranView.swift */; };
		F4A4B14C29844C31000ABB8D /* QuranViewModel.swift in Sources */ = {isa = PBXBuildFile; fileRef = F4A4B13329844C31000ABB8D /* QuranViewModel.swift */; };
		F4A4B14D29844C31000ABB8D /* PreferenceKey.swift in Sources */ = {isa = PBXBuildFile; fileRef = F4A4B13529844C31000ABB8D /* PreferenceKey.swift */; };
		F4A4B15029844C31000ABB8D /* SofhaRow.swift in Sources */ = {isa = PBXBuildFile; fileRef = F4A4B13929844C31000ABB8D /* SofhaRow.swift */; };
		F4A4B15129844C31000ABB8D /* SofhaList.swift in Sources */ = {isa = PBXBuildFile; fileRef = F4A4B13A29844C31000ABB8D /* SofhaList.swift */; };
		F4A4B15229844C31000ABB8D /* Sofha.swift in Sources */ = {isa = PBXBuildFile; fileRef = F4A4B13B29844C31000ABB8D /* Sofha.swift */; };
		F4A4B15329844C31000ABB8D /* SofhaView.swift in Sources */ = {isa = PBXBuildFile; fileRef = F4A4B13C29844C31000ABB8D /* SofhaView.swift */; };
		F4A4B15429844C31000ABB8D /* SofhasView.swift in Sources */ = {isa = PBXBuildFile; fileRef = F4A4B13D29844C31000ABB8D /* SofhasView.swift */; };
		F4A4B16A29845A37000ABB8D /* StarButton.swift in Sources */ = {isa = PBXBuildFile; fileRef = F4A4B16929845A37000ABB8D /* StarButton.swift */; };
		F4A4B1732984627B000ABB8D /* AyaList.swift in Sources */ = {isa = PBXBuildFile; fileRef = F4A4B1722984627B000ABB8D /* AyaList.swift */; };
		F4A4B17529846661000ABB8D /* SettingsView.swift in Sources */ = {isa = PBXBuildFile; fileRef = F4A4B17429846661000ABB8D /* SettingsView.swift */; };
		F4A4B1772984666F000ABB8D /* SuraSettings.swift in Sources */ = {isa = PBXBuildFile; fileRef = F4A4B1762984666F000ABB8D /* SuraSettings.swift */; };
		F4A4B17B298466E6000ABB8D /* AyaSettings.swift in Sources */ = {isa = PBXBuildFile; fileRef = F4A4B17A298466E6000ABB8D /* AyaSettings.swift */; };
		F4A4B17D298466F8000ABB8D /* AyaViewModel.swift in Sources */ = {isa = PBXBuildFile; fileRef = F4A4B17C298466F8000ABB8D /* AyaViewModel.swift */; };
		F4DBA2D9298DA1110090E917 /* WelcomeScreen.swift in Sources */ = {isa = PBXBuildFile; fileRef = F4DBA2D8298DA1110090E917 /* WelcomeScreen.swift */; };
		F4E38BC0298C3F8D0059C10C /* majeed.ttf in Resources */ = {isa = PBXBuildFile; fileRef = F4E38BBF298C3F8D0059C10C /* majeed.ttf */; };
		F4F5DC5729885BA600FB1707 /* AmiriQuran-Regular.ttf in Resources */ = {isa = PBXBuildFile; fileRef = F4F5DC5629885BA600FB1707 /* AmiriQuran-Regular.ttf */; };
		F4F5DC5B2988742000FB1707 /* ListRowButton.swift in Sources */ = {isa = PBXBuildFile; fileRef = F4F5DC5A2988742000FB1707 /* ListRowButton.swift */; };
		F4F5DC5F2988976000FB1707 /* SelectNavigation.swift in Sources */ = {isa = PBXBuildFile; fileRef = F4F5DC5E2988976000FB1707 /* SelectNavigation.swift */; };
		F4F5DC7D298940CD00FB1707 /* CustomList.swift in Sources */ = {isa = PBXBuildFile; fileRef = F4F5DC7C298940CD00FB1707 /* CustomList.swift */; };
/* End PBXBuildFile section */

/* Begin PBXFileReference section */
		F43AE4C929948B70004CAE05 /* FavoriteView.swift */ = {isa = PBXFileReference; lastKnownFileType = sourcecode.swift; path = FavoriteView.swift; sourceTree = "<group>"; };
		F43AE4DB299544D3004CAE05 /* Place+CoreDataClass.swift */ = {isa = PBXFileReference; lastKnownFileType = sourcecode.swift; path = "Place+CoreDataClass.swift"; sourceTree = "<group>"; };
		F43AE4DC299544D3004CAE05 /* Place+CoreDataProperties.swift */ = {isa = PBXFileReference; lastKnownFileType = sourcecode.swift; path = "Place+CoreDataProperties.swift"; sourceTree = "<group>"; };
		F43AE4DD299544D3004CAE05 /* Sofha+CoreDataClass.swift */ = {isa = PBXFileReference; lastKnownFileType = sourcecode.swift; path = "Sofha+CoreDataClass.swift"; sourceTree = "<group>"; };
		F43AE4DE299544D3004CAE05 /* Sofha+CoreDataProperties.swift */ = {isa = PBXFileReference; lastKnownFileType = sourcecode.swift; path = "Sofha+CoreDataProperties.swift"; sourceTree = "<group>"; };
		F43AE4DF299544D3004CAE05 /* Aya+CoreDataClass.swift */ = {isa = PBXFileReference; lastKnownFileType = sourcecode.swift; path = "Aya+CoreDataClass.swift"; sourceTree = "<group>"; };
		F43AE4E0299544D3004CAE05 /* Aya+CoreDataProperties.swift */ = {isa = PBXFileReference; lastKnownFileType = sourcecode.swift; path = "Aya+CoreDataProperties.swift"; sourceTree = "<group>"; };
		F43AE4E1299544D3004CAE05 /* Kollection+CoreDataClass.swift */ = {isa = PBXFileReference; lastKnownFileType = sourcecode.swift; path = "Kollection+CoreDataClass.swift"; sourceTree = "<group>"; };
		F43AE4E2299544D3004CAE05 /* Kollection+CoreDataProperties.swift */ = {isa = PBXFileReference; lastKnownFileType = sourcecode.swift; path = "Kollection+CoreDataProperties.swift"; sourceTree = "<group>"; };
		F43AE4E3299544D3004CAE05 /* Sura+CoreDataClass.swift */ = {isa = PBXFileReference; lastKnownFileType = sourcecode.swift; path = "Sura+CoreDataClass.swift"; sourceTree = "<group>"; };
		F43AE4E4299544D3004CAE05 /* Sura+CoreDataProperties.swift */ = {isa = PBXFileReference; lastKnownFileType = sourcecode.swift; path = "Sura+CoreDataProperties.swift"; sourceTree = "<group>"; };
		F43AE4EF29955CAB004CAE05 /* EnvKey.swift */ = {isa = PBXFileReference; lastKnownFileType = sourcecode.swift; path = EnvKey.swift; sourceTree = "<group>"; };
		F43AE4F12995636A004CAE05 /* Color.swift */ = {isa = PBXFileReference; lastKnownFileType = sourcecode.swift; path = Color.swift; sourceTree = "<group>"; };
		F43AE4F32995707B004CAE05 /* NSSet.swift */ = {isa = PBXFileReference; lastKnownFileType = sourcecode.swift; path = NSSet.swift; sourceTree = "<group>"; };
		F43AE4F5299570AF004CAE05 /* NSOrderedSet.swift */ = {isa = PBXFileReference; lastKnownFileType = sourcecode.swift; path = NSOrderedSet.swift; sourceTree = "<group>"; };
		F43AE4F8299570F2004CAE05 /* View.swift */ = {isa = PBXFileReference; lastKnownFileType = sourcecode.swift; path = View.swift; sourceTree = "<group>"; };
		F43AE4FA29957111004CAE05 /* String.swift */ = {isa = PBXFileReference; lastKnownFileType = sourcecode.swift; path = String.swift; sourceTree = "<group>"; };
		F460982C2987516F00EDEAF7 /* MainView.swift */ = {isa = PBXFileReference; lastKnownFileType = sourcecode.swift; path = MainView.swift; sourceTree = "<group>"; };
		F4609830298825F300EDEAF7 /* QuranSettings.swift */ = {isa = PBXFileReference; lastKnownFileType = sourcecode.swift; path = QuranSettings.swift; sourceTree = "<group>"; };
		F460983229882A4600EDEAF7 /* Model.swift */ = {isa = PBXFileReference; lastKnownFileType = sourcecode.swift; path = Model.swift; sourceTree = "<group>"; };
		F460983429882ABA00EDEAF7 /* ModelSettings.swift */ = {isa = PBXFileReference; lastKnownFileType = sourcecode.swift; path = ModelSettings.swift; sourceTree = "<group>"; };
		F460983629884F9A00EDEAF7 /* Sofha+SwiftUI.swift */ = {isa = PBXFileReference; lastKnownFileType = sourcecode.swift; path = "Sofha+SwiftUI.swift"; sourceTree = "<group>"; };
		F4A4B0E9298449FB000ABB8D /* Quran.app */ = {isa = PBXFileReference; explicitFileType = wrapper.application; includeInIndex = 0; path = Quran.app; sourceTree = BUILT_PRODUCTS_DIR; };
		F4A4B0EC298449FB000ABB8D /* QuranApp.swift */ = {isa = PBXFileReference; lastKnownFileType = sourcecode.swift; path = QuranApp.swift; sourceTree = "<group>"; };
		F4A4B0EE298449FB000ABB8D /* ContentView.swift */ = {isa = PBXFileReference; lastKnownFileType = sourcecode.swift; path = ContentView.swift; sourceTree = "<group>"; };
		F4A4B0F0298449FE000ABB8D /* Assets.xcassets */ = {isa = PBXFileReference; lastKnownFileType = folder.assetcatalog; path = Assets.xcassets; sourceTree = "<group>"; };
		F4A4B0F3298449FE000ABB8D /* Preview Assets.xcassets */ = {isa = PBXFileReference; lastKnownFileType = folder.assetcatalog; path = "Preview Assets.xcassets"; sourceTree = "<group>"; };
		F4A4B0F5298449FE000ABB8D /* Persistence.swift */ = {isa = PBXFileReference; lastKnownFileType = sourcecode.swift; path = Persistence.swift; sourceTree = "<group>"; };
		F4A4B0F8298449FE000ABB8D /* Quran.xcdatamodel */ = {isa = PBXFileReference; lastKnownFileType = wrapper.xcdatamodel; path = Quran.xcdatamodel; sourceTree = "<group>"; };
		F4A4B10129844B37000ABB8D /* ar */ = {isa = PBXFileReference; lastKnownFileType = text.plist.strings; name = ar; path = ar.lproj/Localizable.strings; sourceTree = "<group>"; };
		F4A4B10329844B37000ABB8D /* en */ = {isa = PBXFileReference; lastKnownFileType = text.plist.strings; name = en; path = en.lproj/ayas.strings; sourceTree = "<group>"; };
		F4A4B10429844B37000ABB8D /* en */ = {isa = PBXFileReference; lastKnownFileType = text.plist.strings; name = en; path = en.lproj/Localizable.strings; sourceTree = "<group>"; };
		F4A4B10629844B37000ABB8D /* en */ = {isa = PBXFileReference; lastKnownFileType = text.plist.strings; name = en; path = en.lproj/suras.strings; sourceTree = "<group>"; };
		F4A4B10729844B37000ABB8D /* fr */ = {isa = PBXFileReference; lastKnownFileType = text.plist.strings; name = fr; path = fr.lproj/ayas.strings; sourceTree = "<group>"; };
		F4A4B10829844B37000ABB8D /* fr */ = {isa = PBXFileReference; lastKnownFileType = text.plist.strings; name = fr; path = fr.lproj/Localizable.strings; sourceTree = "<group>"; };
		F4A4B10929844B37000ABB8D /* fr */ = {isa = PBXFileReference; lastKnownFileType = text.plist.strings; name = fr; path = fr.lproj/suras.strings; sourceTree = "<group>"; };
		F4A4B10B29844B37000ABB8D /* me_quran.ttf */ = {isa = PBXFileReference; lastKnownFileType = file; path = me_quran.ttf; sourceTree = "<group>"; };
		F4A4B10C29844B37000ABB8D /* Waseem.ttc */ = {isa = PBXFileReference; lastKnownFileType = file; path = Waseem.ttc; sourceTree = "<group>"; };
		F4A4B10D29844B37000ABB8D /* quran.json */ = {isa = PBXFileReference; fileEncoding = 4; lastKnownFileType = text.json; path = quran.json; sourceTree = "<group>"; };
		F4A4B11429844BE2000ABB8D /* LoadData.swift */ = {isa = PBXFileReference; lastKnownFileType = sourcecode.swift; path = LoadData.swift; sourceTree = "<group>"; };
		F4A4B11729844C0A000ABB8D /* RankView.swift */ = {isa = PBXFileReference; fileEncoding = 4; lastKnownFileType = sourcecode.swift; path = RankView.swift; sourceTree = "<group>"; };
		F4A4B11829844C0A000ABB8D /* CloseButton.swift */ = {isa = PBXFileReference; fileEncoding = 4; lastKnownFileType = sourcecode.swift; path = CloseButton.swift; sourceTree = "<group>"; };
		F4A4B11929844C0A000ABB8D /* MoreLink.swift */ = {isa = PBXFileReference; fileEncoding = 4; lastKnownFileType = sourcecode.swift; path = MoreLink.swift; sourceTree = "<group>"; };
		F4A4B11A29844C0A000ABB8D /* Container.swift */ = {isa = PBXFileReference; fileEncoding = 4; lastKnownFileType = sourcecode.swift; path = Container.swift; sourceTree = "<group>"; };
		F4A4B11B29844C0A000ABB8D /* PageView.swift */ = {isa = PBXFileReference; fileEncoding = 4; lastKnownFileType = sourcecode.swift; path = PageView.swift; sourceTree = "<group>"; };
		F4A4B12229844C31000ABB8D /* HomeView.swift */ = {isa = PBXFileReference; fileEncoding = 4; lastKnownFileType = sourcecode.swift; path = HomeView.swift; sourceTree = "<group>"; };
		F4A4B12429844C31000ABB8D /* AyaView.swift */ = {isa = PBXFileReference; fileEncoding = 4; lastKnownFileType = sourcecode.swift; path = AyaView.swift; sourceTree = "<group>"; };
		F4A4B12529844C31000ABB8D /* SuraList.swift */ = {isa = PBXFileReference; fileEncoding = 4; lastKnownFileType = sourcecode.swift; path = SuraList.swift; sourceTree = "<group>"; };
		F4A4B12629844C31000ABB8D /* SuraRow.swift */ = {isa = PBXFileReference; fileEncoding = 4; lastKnownFileType = sourcecode.swift; path = SuraRow.swift; sourceTree = "<group>"; };
		F4A4B12729844C31000ABB8D /* SurasView.swift */ = {isa = PBXFileReference; fileEncoding = 4; lastKnownFileType = sourcecode.swift; path = SurasView.swift; sourceTree = "<group>"; };
		F4A4B12829844C31000ABB8D /* SuraView.swift */ = {isa = PBXFileReference; fileEncoding = 4; lastKnownFileType = sourcecode.swift; path = SuraView.swift; sourceTree = "<group>"; };
		F4A4B12929844C31000ABB8D /* Sura.swift */ = {isa = PBXFileReference; fileEncoding = 4; lastKnownFileType = sourcecode.swift; path = Sura.swift; sourceTree = "<group>"; };
		F4A4B12A29844C31000ABB8D /* AyaRow.swift */ = {isa = PBXFileReference; fileEncoding = 4; lastKnownFileType = sourcecode.swift; path = AyaRow.swift; sourceTree = "<group>"; };
		F4A4B12B29844C31000ABB8D /* Aya.swift */ = {isa = PBXFileReference; fileEncoding = 4; lastKnownFileType = sourcecode.swift; path = Aya.swift; sourceTree = "<group>"; };
		F4A4B12C29844C31000ABB8D /* SuraViewModel.swift */ = {isa = PBXFileReference; fileEncoding = 4; lastKnownFileType = sourcecode.swift; path = SuraViewModel.swift; sourceTree = "<group>"; };
		F4A4B12E29844C31000ABB8D /* SearchView.swift */ = {isa = PBXFileReference; fileEncoding = 4; lastKnownFileType = sourcecode.swift; path = SearchView.swift; sourceTree = "<group>"; };
		F4A4B12F29844C31000ABB8D /* SearchModel.swift */ = {isa = PBXFileReference; fileEncoding = 4; lastKnownFileType = sourcecode.swift; path = SearchModel.swift; sourceTree = "<group>"; };
		F4A4B13129844C31000ABB8D /* QuranIndexView.swift */ = {isa = PBXFileReference; fileEncoding = 4; lastKnownFileType = sourcecode.swift; path = QuranIndexView.swift; sourceTree = "<group>"; };
		F4A4B13229844C31000ABB8D /* QuranView.swift */ = {isa = PBXFileReference; fileEncoding = 4; lastKnownFileType = sourcecode.swift; path = QuranView.swift; sourceTree = "<group>"; };
		F4A4B13329844C31000ABB8D /* QuranViewModel.swift */ = {isa = PBXFileReference; fileEncoding = 4; lastKnownFileType = sourcecode.swift; path = QuranViewModel.swift; sourceTree = "<group>"; };
		F4A4B13529844C31000ABB8D /* PreferenceKey.swift */ = {isa = PBXFileReference; fileEncoding = 4; lastKnownFileType = sourcecode.swift; path = PreferenceKey.swift; sourceTree = "<group>"; };
		F4A4B13929844C31000ABB8D /* SofhaRow.swift */ = {isa = PBXFileReference; fileEncoding = 4; lastKnownFileType = sourcecode.swift; path = SofhaRow.swift; sourceTree = "<group>"; };
		F4A4B13A29844C31000ABB8D /* SofhaList.swift */ = {isa = PBXFileReference; fileEncoding = 4; lastKnownFileType = sourcecode.swift; path = SofhaList.swift; sourceTree = "<group>"; };
		F4A4B13B29844C31000ABB8D /* Sofha.swift */ = {isa = PBXFileReference; fileEncoding = 4; lastKnownFileType = sourcecode.swift; path = Sofha.swift; sourceTree = "<group>"; };
		F4A4B13C29844C31000ABB8D /* SofhaView.swift */ = {isa = PBXFileReference; fileEncoding = 4; lastKnownFileType = sourcecode.swift; path = SofhaView.swift; sourceTree = "<group>"; };
		F4A4B13D29844C31000ABB8D /* SofhasView.swift */ = {isa = PBXFileReference; fileEncoding = 4; lastKnownFileType = sourcecode.swift; path = SofhasView.swift; sourceTree = "<group>"; };
		F4A4B1682984563A000ABB8D /* Info.plist */ = {isa = PBXFileReference; lastKnownFileType = text.plist; path = Info.plist; sourceTree = "<group>"; };
		F4A4B16929845A37000ABB8D /* StarButton.swift */ = {isa = PBXFileReference; lastKnownFileType = sourcecode.swift; path = StarButton.swift; sourceTree = "<group>"; };
		F4A4B1722984627B000ABB8D /* AyaList.swift */ = {isa = PBXFileReference; lastKnownFileType = sourcecode.swift; path = AyaList.swift; sourceTree = "<group>"; };
		F4A4B17429846661000ABB8D /* SettingsView.swift */ = {isa = PBXFileReference; lastKnownFileType = sourcecode.swift; path = SettingsView.swift; sourceTree = "<group>"; };
		F4A4B1762984666F000ABB8D /* SuraSettings.swift */ = {isa = PBXFileReference; lastKnownFileType = sourcecode.swift; path = SuraSettings.swift; sourceTree = "<group>"; };
		F4A4B17A298466E6000ABB8D /* AyaSettings.swift */ = {isa = PBXFileReference; lastKnownFileType = sourcecode.swift; path = AyaSettings.swift; sourceTree = "<group>"; };
		F4A4B17C298466F8000ABB8D /* AyaViewModel.swift */ = {isa = PBXFileReference; lastKnownFileType = sourcecode.swift; path = AyaViewModel.swift; sourceTree = "<group>"; };
		F4DBA2D8298DA1110090E917 /* WelcomeScreen.swift */ = {isa = PBXFileReference; lastKnownFileType = sourcecode.swift; path = WelcomeScreen.swift; sourceTree = "<group>"; };
		F4E38BBF298C3F8D0059C10C /* majeed.ttf */ = {isa = PBXFileReference; lastKnownFileType = file; path = majeed.ttf; sourceTree = "<group>"; };
		F4F5DC5629885BA600FB1707 /* AmiriQuran-Regular.ttf */ = {isa = PBXFileReference; lastKnownFileType = file; path = "AmiriQuran-Regular.ttf"; sourceTree = "<group>"; };
		F4F5DC5A2988742000FB1707 /* ListRowButton.swift */ = {isa = PBXFileReference; lastKnownFileType = sourcecode.swift; path = ListRowButton.swift; sourceTree = "<group>"; };
		F4F5DC5E2988976000FB1707 /* SelectNavigation.swift */ = {isa = PBXFileReference; lastKnownFileType = sourcecode.swift; path = SelectNavigation.swift; sourceTree = "<group>"; };
		F4F5DC7C298940CD00FB1707 /* CustomList.swift */ = {isa = PBXFileReference; lastKnownFileType = sourcecode.swift; path = CustomList.swift; sourceTree = "<group>"; };
/* End PBXFileReference section */

/* Begin PBXFrameworksBuildPhase section */
		F4A4B0E6298449FB000ABB8D /* Frameworks */ = {
			isa = PBXFrameworksBuildPhase;
			buildActionMask = 2147483647;
			files = (
			);
			runOnlyForDeploymentPostprocessing = 0;
		};
/* End PBXFrameworksBuildPhase section */

/* Begin PBXGroup section */
		F43AE4C829948B59004CAE05 /* Favorite */ = {
			isa = PBXGroup;
			children = (
				F43AE4C929948B70004CAE05 /* FavoriteView.swift */,
			);
			path = Favorite;
			sourceTree = "<group>";
		};
		F43AE4FC2995713C004CAE05 /* Extension */ = {
			isa = PBXGroup;
			children = (
				F43AE4F12995636A004CAE05 /* Color.swift */,
				F43AE4F32995707B004CAE05 /* NSSet.swift */,
				F43AE4F5299570AF004CAE05 /* NSOrderedSet.swift */,
				F43AE4F8299570F2004CAE05 /* View.swift */,
				F43AE4FA29957111004CAE05 /* String.swift */,
			);
			name = Extension;
			sourceTree = "<group>";
		};
		F4A4B0E0298449FB000ABB8D = {
			isa = PBXGroup;
			children = (
				F4A4B0EB298449FB000ABB8D /* Quran */,
				F4A4B0EA298449FB000ABB8D /* Products */,
			);
			sourceTree = "<group>";
		};
		F4A4B0EA298449FB000ABB8D /* Products */ = {
			isa = PBXGroup;
			children = (
				F4A4B0E9298449FB000ABB8D /* Quran.app */,
			);
			name = Products;
			sourceTree = "<group>";
		};
		F4A4B0EB298449FB000ABB8D /* Quran */ = {
			isa = PBXGroup;
			children = (
				F4A4B1682984563A000ABB8D /* Info.plist */,
				F43AE4C829948B59004CAE05 /* Favorite */,
				F4DBA2D7298DA0EA0090E917 /* OnBoarding */,
				F4A4B16729845337000ABB8D /* CoreData */,
				F4A4B13429844C31000ABB8D /* Helper */,
				F4A4B12129844C31000ABB8D /* Home */,
				F4A4B12329844C31000ABB8D /* Model */,
				F4A4B13029844C31000ABB8D /* Quran */,
				F4A4B12D29844C31000ABB8D /* Search */,
				F4A4B11629844C0A000ABB8D /* Components */,
				F4A4B0FF29844B37000ABB8D /* Resource */,
				F4A4B0EC298449FB000ABB8D /* QuranApp.swift */,
				F4A4B0EE298449FB000ABB8D /* ContentView.swift */,
				F460982C2987516F00EDEAF7 /* MainView.swift */,
				F4A4B0F0298449FE000ABB8D /* Assets.xcassets */,
				F4A4B0F5298449FE000ABB8D /* Persistence.swift */,
				F4A4B0F7298449FE000ABB8D /* Quran.xcdatamodeld */,
				F4A4B0F2298449FE000ABB8D /* Preview Content */,
			);
			path = Quran;
			sourceTree = "<group>";
		};
		F4A4B0F2298449FE000ABB8D /* Preview Content */ = {
			isa = PBXGroup;
			children = (
				F4A4B0F3298449FE000ABB8D /* Preview Assets.xcassets */,
			);
			path = "Preview Content";
			sourceTree = "<group>";
		};
		F4A4B0FF29844B37000ABB8D /* Resource */ = {
			isa = PBXGroup;
			children = (
				F4A4B10A29844B37000ABB8D /* Font */,
				F4A4B10029844B37000ABB8D /* Localizable.strings */,
				F4A4B10229844B37000ABB8D /* ayas.strings */,
				F4A4B10529844B37000ABB8D /* suras.strings */,
				F4A4B10D29844B37000ABB8D /* quran.json */,
				F4A4B11429844BE2000ABB8D /* LoadData.swift */,
			);
			path = Resource;
			sourceTree = "<group>";
		};
		F4A4B10A29844B37000ABB8D /* Font */ = {
			isa = PBXGroup;
			children = (
				F4E38BBF298C3F8D0059C10C /* majeed.ttf */,
				F4F5DC5629885BA600FB1707 /* AmiriQuran-Regular.ttf */,
				F4A4B10B29844B37000ABB8D /* me_quran.ttf */,
				F4A4B10C29844B37000ABB8D /* Waseem.ttc */,
			);
			path = Font;
			sourceTree = "<group>";
		};
		F4A4B11629844C0A000ABB8D /* Components */ = {
			isa = PBXGroup;
			children = (
				F4A4B11729844C0A000ABB8D /* RankView.swift */,
				F4A4B11829844C0A000ABB8D /* CloseButton.swift */,
				F4A4B11929844C0A000ABB8D /* MoreLink.swift */,
				F4A4B11A29844C0A000ABB8D /* Container.swift */,
				F4A4B11B29844C0A000ABB8D /* PageView.swift */,
				F4A4B16929845A37000ABB8D /* StarButton.swift */,
				F4F5DC5A2988742000FB1707 /* ListRowButton.swift */,
				F4F5DC5E2988976000FB1707 /* SelectNavigation.swift */,
				F4F5DC7C298940CD00FB1707 /* CustomList.swift */,
			);
			path = Components;
			sourceTree = "<group>";
		};
		F4A4B12129844C31000ABB8D /* Home */ = {
			isa = PBXGroup;
			children = (
				F4A4B12229844C31000ABB8D /* HomeView.swift */,
				F4A4B17429846661000ABB8D /* SettingsView.swift */,
			);
			path = Home;
			sourceTree = "<group>";
		};
		F4A4B12329844C31000ABB8D /* Model */ = {
			isa = PBXGroup;
			children = (
				F460983229882A4600EDEAF7 /* Model.swift */,
				F460983429882ABA00EDEAF7 /* ModelSettings.swift */,
			);
			path = Model;
			sourceTree = "<group>";
		};
		F4A4B12D29844C31000ABB8D /* Search */ = {
			isa = PBXGroup;
			children = (
				F4A4B12E29844C31000ABB8D /* SearchView.swift */,
				F4A4B12F29844C31000ABB8D /* SearchModel.swift */,
			);
			path = Search;
			sourceTree = "<group>";
		};
		F4A4B13029844C31000ABB8D /* Quran */ = {
			isa = PBXGroup;
			children = (
				F4A4B15629844CF3000ABB8D /* Aya */,
				F4A4B13829844C31000ABB8D /* Sofha */,
				F4A4B15529844CDF000ABB8D /* Sura */,
				F4A4B13129844C31000ABB8D /* QuranIndexView.swift */,
				F4A4B13229844C31000ABB8D /* QuranView.swift */,
				F4A4B13329844C31000ABB8D /* QuranViewModel.swift */,
				F4609830298825F300EDEAF7 /* QuranSettings.swift */,
			);
			path = Quran;
			sourceTree = "<group>";
		};
		F4A4B13429844C31000ABB8D /* Helper */ = {
			isa = PBXGroup;
			children = (
				F43AE4FC2995713C004CAE05 /* Extension */,
				F43AE4EF29955CAB004CAE05 /* EnvKey.swift */,
				F4A4B13529844C31000ABB8D /* PreferenceKey.swift */,
			);
			path = Helper;
			sourceTree = "<group>";
		};
		F4A4B13829844C31000ABB8D /* Sofha */ = {
			isa = PBXGroup;
			children = (
				F4A4B13929844C31000ABB8D /* SofhaRow.swift */,
				F4A4B13A29844C31000ABB8D /* SofhaList.swift */,
				F4A4B13B29844C31000ABB8D /* Sofha.swift */,
				F4A4B13C29844C31000ABB8D /* SofhaView.swift */,
				F4A4B13D29844C31000ABB8D /* SofhasView.swift */,
				F460983629884F9A00EDEAF7 /* Sofha+SwiftUI.swift */,
			);
			path = Sofha;
			sourceTree = "<group>";
		};
		F4A4B15529844CDF000ABB8D /* Sura */ = {
			isa = PBXGroup;
			children = (
				F4A4B12529844C31000ABB8D /* SuraList.swift */,
				F4A4B12629844C31000ABB8D /* SuraRow.swift */,
				F4A4B12729844C31000ABB8D /* SurasView.swift */,
				F4A4B12829844C31000ABB8D /* SuraView.swift */,
				F4A4B12929844C31000ABB8D /* Sura.swift */,
				F4A4B12C29844C31000ABB8D /* SuraViewModel.swift */,
				F4A4B1762984666F000ABB8D /* SuraSettings.swift */,
			);
			path = Sura;
			sourceTree = "<group>";
		};
		F4A4B15629844CF3000ABB8D /* Aya */ = {
			isa = PBXGroup;
			children = (
				F4A4B12429844C31000ABB8D /* AyaView.swift */,
				F4A4B12A29844C31000ABB8D /* AyaRow.swift */,
				F4A4B12B29844C31000ABB8D /* Aya.swift */,
				F4A4B1722984627B000ABB8D /* AyaList.swift */,
				F4A4B17A298466E6000ABB8D /* AyaSettings.swift */,
				F4A4B17C298466F8000ABB8D /* AyaViewModel.swift */,
			);
			path = Aya;
			sourceTree = "<group>";
		};
		F4A4B16729845337000ABB8D /* CoreData */ = {
			isa = PBXGroup;
			children = (
				F43AE4DB299544D3004CAE05 /* Place+CoreDataClass.swift */,
				F43AE4DC299544D3004CAE05 /* Place+CoreDataProperties.swift */,
				F43AE4DD299544D3004CAE05 /* Sofha+CoreDataClass.swift */,
				F43AE4DE299544D3004CAE05 /* Sofha+CoreDataProperties.swift */,
				F43AE4DF299544D3004CAE05 /* Aya+CoreDataClass.swift */,
				F43AE4E0299544D3004CAE05 /* Aya+CoreDataProperties.swift */,
				F43AE4E1299544D3004CAE05 /* Kollection+CoreDataClass.swift */,
				F43AE4E2299544D3004CAE05 /* Kollection+CoreDataProperties.swift */,
				F43AE4E3299544D3004CAE05 /* Sura+CoreDataClass.swift */,
				F43AE4E4299544D3004CAE05 /* Sura+CoreDataProperties.swift */,
			);
			path = CoreData;
			sourceTree = "<group>";
		};
		F4DBA2D7298DA0EA0090E917 /* OnBoarding */ = {
			isa = PBXGroup;
			children = (
				F4DBA2D8298DA1110090E917 /* WelcomeScreen.swift */,
			);
			path = OnBoarding;
			sourceTree = "<group>";
		};
/* End PBXGroup section */

/* Begin PBXNativeTarget section */
		F4A4B0E8298449FB000ABB8D /* Quran */ = {
			isa = PBXNativeTarget;
			buildConfigurationList = F4A4B0FC298449FE000ABB8D /* Build configuration list for PBXNativeTarget "Quran" */;
			buildPhases = (
				F4A4B0E5298449FB000ABB8D /* Sources */,
				F4A4B0E6298449FB000ABB8D /* Frameworks */,
				F4A4B0E7298449FB000ABB8D /* Resources */,
			);
			buildRules = (
			);
			dependencies = (
			);
			name = Quran;
			productName = Quran;
			productReference = F4A4B0E9298449FB000ABB8D /* Quran.app */;
			productType = "com.apple.product-type.application";
		};
/* End PBXNativeTarget section */

/* Begin PBXProject section */
		F4A4B0E1298449FB000ABB8D /* Project object */ = {
			isa = PBXProject;
			attributes = {
				BuildIndependentTargetsInParallel = 1;
				LastSwiftUpdateCheck = 1420;
				LastUpgradeCheck = 1420;
				TargetAttributes = {
					F4A4B0E8298449FB000ABB8D = {
						CreatedOnToolsVersion = 14.2;
					};
				};
			};
			buildConfigurationList = F4A4B0E4298449FB000ABB8D /* Build configuration list for PBXProject "Quran" */;
			compatibilityVersion = "Xcode 14.0";
			developmentRegion = en;
			hasScannedForEncodings = 0;
			knownRegions = (
				en,
				Base,
				ar,
				fr,
			);
			mainGroup = F4A4B0E0298449FB000ABB8D;
			productRefGroup = F4A4B0EA298449FB000ABB8D /* Products */;
			projectDirPath = "";
			projectRoot = "";
			targets = (
				F4A4B0E8298449FB000ABB8D /* Quran */,
			);
		};
/* End PBXProject section */

/* Begin PBXResourcesBuildPhase section */
		F4A4B0E7298449FB000ABB8D /* Resources */ = {
			isa = PBXResourcesBuildPhase;
			buildActionMask = 2147483647;
			files = (
				F4A4B0F4298449FE000ABB8D /* Preview Assets.xcassets in Resources */,
				F4F5DC5729885BA600FB1707 /* AmiriQuran-Regular.ttf in Resources */,
				F4A4B11329844B37000ABB8D /* quran.json in Resources */,
				F4A4B10E29844B37000ABB8D /* Localizable.strings in Resources */,
				F4A4B10F29844B37000ABB8D /* ayas.strings in Resources */,
				F4E38BC0298C3F8D0059C10C /* majeed.ttf in Resources */,
				F4A4B11229844B37000ABB8D /* Waseem.ttc in Resources */,
				F4A4B11029844B37000ABB8D /* suras.strings in Resources */,
				F4A4B11129844B37000ABB8D /* me_quran.ttf in Resources */,
				F4A4B0F1298449FE000ABB8D /* Assets.xcassets in Resources */,
			);
			runOnlyForDeploymentPostprocessing = 0;
		};
/* End PBXResourcesBuildPhase section */

/* Begin PBXSourcesBuildPhase section */
		F4A4B0E5298449FB000ABB8D /* Sources */ = {
			isa = PBXSourcesBuildPhase;
			buildActionMask = 2147483647;
			files = (
				F4A4B14029844C31000ABB8D /* SuraList.swift in Sources */,
				F4A4B14229844C31000ABB8D /* SurasView.swift in Sources */,
				F4F5DC7D298940CD00FB1707 /* CustomList.swift in Sources */,
				F4A4B0F6298449FE000ABB8D /* Persistence.swift in Sources */,
				F4A4B14A29844C31000ABB8D /* QuranIndexView.swift in Sources */,
				F4A4B14C29844C31000ABB8D /* QuranViewModel.swift in Sources */,
				F4A4B1732984627B000ABB8D /* AyaList.swift in Sources */,
				F43AE4E7299544D3004CAE05 /* Sofha+CoreDataClass.swift in Sources */,
				F4A4B11529844BE2000ABB8D /* LoadData.swift in Sources */,
				F4F5DC5F2988976000FB1707 /* SelectNavigation.swift in Sources */,
				F4A4B11E29844C0A000ABB8D /* MoreLink.swift in Sources */,
				F460982D2987516F00EDEAF7 /* MainView.swift in Sources */,
				F43AE4FB29957111004CAE05 /* String.swift in Sources */,
				F4A4B14729844C31000ABB8D /* SuraViewModel.swift in Sources */,
				F4A4B14629844C31000ABB8D /* Aya.swift in Sources */,
				F4A4B0F9298449FE000ABB8D /* Quran.xcdatamodeld in Sources */,
				F43AE4E8299544D3004CAE05 /* Sofha+CoreDataProperties.swift in Sources */,
				F4A4B1772984666F000ABB8D /* SuraSettings.swift in Sources */,
				F4A4B0EF298449FB000ABB8D /* ContentView.swift in Sources */,
				F4A4B15029844C31000ABB8D /* SofhaRow.swift in Sources */,
				F4A4B17D298466F8000ABB8D /* AyaViewModel.swift in Sources */,
				F4609831298825F300EDEAF7 /* QuranSettings.swift in Sources */,
				F4A4B15129844C31000ABB8D /* SofhaList.swift in Sources */,
				F4A4B13E29844C31000ABB8D /* HomeView.swift in Sources */,
				F43AE4EB299544D3004CAE05 /* Kollection+CoreDataClass.swift in Sources */,
				F4A4B15229844C31000ABB8D /* Sofha.swift in Sources */,
				F4A4B14829844C31000ABB8D /* SearchView.swift in Sources */,
				F43AE4E9299544D3004CAE05 /* Aya+CoreDataClass.swift in Sources */,
				F4A4B14529844C31000ABB8D /* AyaRow.swift in Sources */,
				F460983529882ABA00EDEAF7 /* ModelSettings.swift in Sources */,
				F4A4B14129844C31000ABB8D /* SuraRow.swift in Sources */,
				F4A4B12029844C0A000ABB8D /* PageView.swift in Sources */,
				F43AE4E5299544D3004CAE05 /* Place+CoreDataClass.swift in Sources */,
				F43AE4CA29948B70004CAE05 /* FavoriteView.swift in Sources */,
				F4A4B16A29845A37000ABB8D /* StarButton.swift in Sources */,
				F460983729884F9A00EDEAF7 /* Sofha+SwiftUI.swift in Sources */,
				F4A4B11D29844C0A000ABB8D /* CloseButton.swift in Sources */,
				F4A4B17529846661000ABB8D /* SettingsView.swift in Sources */,
				F4A4B11C29844C0A000ABB8D /* RankView.swift in Sources */,
				F4A4B15329844C31000ABB8D /* SofhaView.swift in Sources */,
				F4DBA2D9298DA1110090E917 /* WelcomeScreen.swift in Sources */,
				F43AE4E6299544D3004CAE05 /* Place+CoreDataProperties.swift in Sources */,
				F43AE4F22995636A004CAE05 /* Color.swift in Sources */,
				F4A4B11F29844C0A000ABB8D /* Container.swift in Sources */,
				F4A4B14929844C31000ABB8D /* SearchModel.swift in Sources */,
				F43AE4EE299544D3004CAE05 /* Sura+CoreDataProperties.swift in Sources */,
				F460983329882A4600EDEAF7 /* Model.swift in Sources */,
				F4A4B13F29844C31000ABB8D /* AyaView.swift in Sources */,
				F4A4B14B29844C31000ABB8D /* QuranView.swift in Sources */,
				F4A4B15429844C31000ABB8D /* SofhasView.swift in Sources */,
				F4A4B17B298466E6000ABB8D /* AyaSettings.swift in Sources */,
				F43AE4F9299570F2004CAE05 /* View.swift in Sources */,
				F4A4B14429844C31000ABB8D /* Sura.swift in Sources */,
				F4A4B0ED298449FB000ABB8D /* QuranApp.swift in Sources */,
				F43AE4EC299544D3004CAE05 /* Kollection+CoreDataProperties.swift in Sources */,
				F43AE4F029955CAB004CAE05 /* EnvKey.swift in Sources */,
				F43AE4F6299570AF004CAE05 /* NSOrderedSet.swift in Sources */,
				F43AE4ED299544D3004CAE05 /* Sura+CoreDataClass.swift in Sources */,
				F4A4B14D29844C31000ABB8D /* PreferenceKey.swift in Sources */,
				F43AE4EA299544D3004CAE05 /* Aya+CoreDataProperties.swift in Sources */,
				F4F5DC5B2988742000FB1707 /* ListRowButton.swift in Sources */,
				F4A4B14329844C31000ABB8D /* SuraView.swift in Sources */,
				F43AE4F42995707B004CAE05 /* NSSet.swift in Sources */,
			);
			runOnlyForDeploymentPostprocessing = 0;
		};
/* End PBXSourcesBuildPhase section */

/* Begin PBXVariantGroup section */
		F4A4B10029844B37000ABB8D /* Localizable.strings */ = {
			isa = PBXVariantGroup;
			children = (
				F4A4B10129844B37000ABB8D /* ar */,
				F4A4B10429844B37000ABB8D /* en */,
				F4A4B10829844B37000ABB8D /* fr */,
			);
			name = Localizable.strings;
			sourceTree = "<group>";
		};
		F4A4B10229844B37000ABB8D /* ayas.strings */ = {
			isa = PBXVariantGroup;
			children = (
				F4A4B10329844B37000ABB8D /* en */,
				F4A4B10729844B37000ABB8D /* fr */,
			);
			name = ayas.strings;
			sourceTree = "<group>";
		};
		F4A4B10529844B37000ABB8D /* suras.strings */ = {
			isa = PBXVariantGroup;
			children = (
				F4A4B10629844B37000ABB8D /* en */,
				F4A4B10929844B37000ABB8D /* fr */,
			);
			name = suras.strings;
			sourceTree = "<group>";
		};
/* End PBXVariantGroup section */

/* Begin XCBuildConfiguration section */
		F4A4B0FA298449FE000ABB8D /* Debug */ = {
			isa = XCBuildConfiguration;
			buildSettings = {
				ALWAYS_SEARCH_USER_PATHS = NO;
				CLANG_ANALYZER_NONNULL = YES;
				CLANG_ANALYZER_NUMBER_OBJECT_CONVERSION = YES_AGGRESSIVE;
				CLANG_CXX_LANGUAGE_STANDARD = "gnu++20";
				CLANG_ENABLE_MODULES = YES;
				CLANG_ENABLE_OBJC_ARC = YES;
				CLANG_ENABLE_OBJC_WEAK = YES;
				CLANG_WARN_BLOCK_CAPTURE_AUTORELEASING = YES;
				CLANG_WARN_BOOL_CONVERSION = YES;
				CLANG_WARN_COMMA = YES;
				CLANG_WARN_CONSTANT_CONVERSION = YES;
				CLANG_WARN_DEPRECATED_OBJC_IMPLEMENTATIONS = YES;
				CLANG_WARN_DIRECT_OBJC_ISA_USAGE = YES_ERROR;
				CLANG_WARN_DOCUMENTATION_COMMENTS = YES;
				CLANG_WARN_EMPTY_BODY = YES;
				CLANG_WARN_ENUM_CONVERSION = YES;
				CLANG_WARN_INFINITE_RECURSION = YES;
				CLANG_WARN_INT_CONVERSION = YES;
				CLANG_WARN_NON_LITERAL_NULL_CONVERSION = YES;
				CLANG_WARN_OBJC_IMPLICIT_RETAIN_SELF = YES;
				CLANG_WARN_OBJC_LITERAL_CONVERSION = YES;
				CLANG_WARN_OBJC_ROOT_CLASS = YES_ERROR;
				CLANG_WARN_QUOTED_INCLUDE_IN_FRAMEWORK_HEADER = YES;
				CLANG_WARN_RANGE_LOOP_ANALYSIS = YES;
				CLANG_WARN_STRICT_PROTOTYPES = YES;
				CLANG_WARN_SUSPICIOUS_MOVE = YES;
				CLANG_WARN_UNGUARDED_AVAILABILITY = YES_AGGRESSIVE;
				CLANG_WARN_UNREACHABLE_CODE = YES;
				CLANG_WARN__DUPLICATE_METHOD_MATCH = YES;
				COPY_PHASE_STRIP = NO;
				DEBUG_INFORMATION_FORMAT = dwarf;
				ENABLE_STRICT_OBJC_MSGSEND = YES;
				ENABLE_TESTABILITY = YES;
				GCC_C_LANGUAGE_STANDARD = gnu11;
				GCC_DYNAMIC_NO_PIC = NO;
				GCC_NO_COMMON_BLOCKS = YES;
				GCC_OPTIMIZATION_LEVEL = 0;
				GCC_PREPROCESSOR_DEFINITIONS = (
					"DEBUG=1",
					"$(inherited)",
				);
				GCC_WARN_64_TO_32_BIT_CONVERSION = YES;
				GCC_WARN_ABOUT_RETURN_TYPE = YES_ERROR;
				GCC_WARN_UNDECLARED_SELECTOR = YES;
				GCC_WARN_UNINITIALIZED_AUTOS = YES_AGGRESSIVE;
				GCC_WARN_UNUSED_FUNCTION = YES;
				GCC_WARN_UNUSED_VARIABLE = YES;
				IPHONEOS_DEPLOYMENT_TARGET = 16.2;
				MTL_ENABLE_DEBUG_INFO = INCLUDE_SOURCE;
				MTL_FAST_MATH = YES;
				ONLY_ACTIVE_ARCH = YES;
				SDKROOT = iphoneos;
				SWIFT_ACTIVE_COMPILATION_CONDITIONS = DEBUG;
				SWIFT_OPTIMIZATION_LEVEL = "-Onone";
			};
			name = Debug;
		};
		F4A4B0FB298449FE000ABB8D /* Release */ = {
			isa = XCBuildConfiguration;
			buildSettings = {
				ALWAYS_SEARCH_USER_PATHS = NO;
				CLANG_ANALYZER_NONNULL = YES;
				CLANG_ANALYZER_NUMBER_OBJECT_CONVERSION = YES_AGGRESSIVE;
				CLANG_CXX_LANGUAGE_STANDARD = "gnu++20";
				CLANG_ENABLE_MODULES = YES;
				CLANG_ENABLE_OBJC_ARC = YES;
				CLANG_ENABLE_OBJC_WEAK = YES;
				CLANG_WARN_BLOCK_CAPTURE_AUTORELEASING = YES;
				CLANG_WARN_BOOL_CONVERSION = YES;
				CLANG_WARN_COMMA = YES;
				CLANG_WARN_CONSTANT_CONVERSION = YES;
				CLANG_WARN_DEPRECATED_OBJC_IMPLEMENTATIONS = YES;
				CLANG_WARN_DIRECT_OBJC_ISA_USAGE = YES_ERROR;
				CLANG_WARN_DOCUMENTATION_COMMENTS = YES;
				CLANG_WARN_EMPTY_BODY = YES;
				CLANG_WARN_ENUM_CONVERSION = YES;
				CLANG_WARN_INFINITE_RECURSION = YES;
				CLANG_WARN_INT_CONVERSION = YES;
				CLANG_WARN_NON_LITERAL_NULL_CONVERSION = YES;
				CLANG_WARN_OBJC_IMPLICIT_RETAIN_SELF = YES;
				CLANG_WARN_OBJC_LITERAL_CONVERSION = YES;
				CLANG_WARN_OBJC_ROOT_CLASS = YES_ERROR;
				CLANG_WARN_QUOTED_INCLUDE_IN_FRAMEWORK_HEADER = YES;
				CLANG_WARN_RANGE_LOOP_ANALYSIS = YES;
				CLANG_WARN_STRICT_PROTOTYPES = YES;
				CLANG_WARN_SUSPICIOUS_MOVE = YES;
				CLANG_WARN_UNGUARDED_AVAILABILITY = YES_AGGRESSIVE;
				CLANG_WARN_UNREACHABLE_CODE = YES;
				CLANG_WARN__DUPLICATE_METHOD_MATCH = YES;
				COPY_PHASE_STRIP = NO;
				DEBUG_INFORMATION_FORMAT = "dwarf-with-dsym";
				ENABLE_NS_ASSERTIONS = NO;
				ENABLE_STRICT_OBJC_MSGSEND = YES;
				GCC_C_LANGUAGE_STANDARD = gnu11;
				GCC_NO_COMMON_BLOCKS = YES;
				GCC_WARN_64_TO_32_BIT_CONVERSION = YES;
				GCC_WARN_ABOUT_RETURN_TYPE = YES_ERROR;
				GCC_WARN_UNDECLARED_SELECTOR = YES;
				GCC_WARN_UNINITIALIZED_AUTOS = YES_AGGRESSIVE;
				GCC_WARN_UNUSED_FUNCTION = YES;
				GCC_WARN_UNUSED_VARIABLE = YES;
				IPHONEOS_DEPLOYMENT_TARGET = 16.2;
				MTL_ENABLE_DEBUG_INFO = NO;
				MTL_FAST_MATH = YES;
				SDKROOT = iphoneos;
				SWIFT_COMPILATION_MODE = wholemodule;
				SWIFT_OPTIMIZATION_LEVEL = "-O";
				VALIDATE_PRODUCT = YES;
			};
			name = Release;
		};
		F4A4B0FD298449FE000ABB8D /* Debug */ = {
			isa = XCBuildConfiguration;
			buildSettings = {
				ASSETCATALOG_COMPILER_APPICON_NAME = AppIcon;
				ASSETCATALOG_COMPILER_GLOBAL_ACCENT_COLOR_NAME = AccentColor;
				CODE_SIGN_STYLE = Automatic;
				CURRENT_PROJECT_VERSION = 1;
				DEVELOPMENT_ASSET_PATHS = "\"Quran/Preview Content\"";
				DEVELOPMENT_TEAM = QN843L945A;
				ENABLE_PREVIEWS = YES;
				GENERATE_INFOPLIST_FILE = YES;
				INFOPLIST_FILE = Quran/Info.plist;
				INFOPLIST_KEY_UIApplicationSupportsIndirectInputEvents = YES;
				INFOPLIST_KEY_UILaunchScreen_Generation = YES;
				INFOPLIST_KEY_UISupportedInterfaceOrientations_iPad = "UIInterfaceOrientationPortrait UIInterfaceOrientationPortraitUpsideDown UIInterfaceOrientationLandscapeLeft UIInterfaceOrientationLandscapeRight";
				INFOPLIST_KEY_UISupportedInterfaceOrientations_iPhone = "UIInterfaceOrientationPortrait UIInterfaceOrientationLandscapeLeft UIInterfaceOrientationLandscapeRight";
				IPHONEOS_DEPLOYMENT_TARGET = 16.0;
				LD_RUNPATH_SEARCH_PATHS = (
					"$(inherited)",
					"@executable_path/Frameworks",
				);
				MARKETING_VERSION = 1.0;
				PRODUCT_BUNDLE_IDENTIFIER = com.afrcvn.Quran;
				PRODUCT_NAME = "$(TARGET_NAME)";
				SWIFT_EMIT_LOC_STRINGS = YES;
				SWIFT_VERSION = 5.0;
				TARGETED_DEVICE_FAMILY = "1,2";
			};
			name = Debug;
		};
		F4A4B0FE298449FE000ABB8D /* Release */ = {
			isa = XCBuildConfiguration;
			buildSettings = {
				ASSETCATALOG_COMPILER_APPICON_NAME = AppIcon;
				ASSETCATALOG_COMPILER_GLOBAL_ACCENT_COLOR_NAME = AccentColor;
				CODE_SIGN_STYLE = Automatic;
				CURRENT_PROJECT_VERSION = 1;
				DEVELOPMENT_ASSET_PATHS = "\"Quran/Preview Content\"";
				DEVELOPMENT_TEAM = QN843L945A;
				ENABLE_PREVIEWS = YES;
				GENERATE_INFOPLIST_FILE = YES;
				INFOPLIST_FILE = Quran/Info.plist;
				INFOPLIST_KEY_UIApplicationSupportsIndirectInputEvents = YES;
				INFOPLIST_KEY_UILaunchScreen_Generation = YES;
				INFOPLIST_KEY_UISupportedInterfaceOrientations_iPad = "UIInterfaceOrientationPortrait UIInterfaceOrientationPortraitUpsideDown UIInterfaceOrientationLandscapeLeft UIInterfaceOrientationLandscapeRight";
				INFOPLIST_KEY_UISupportedInterfaceOrientations_iPhone = "UIInterfaceOrientationPortrait UIInterfaceOrientationLandscapeLeft UIInterfaceOrientationLandscapeRight";
				IPHONEOS_DEPLOYMENT_TARGET = 16.0;
				LD_RUNPATH_SEARCH_PATHS = (
					"$(inherited)",
					"@executable_path/Frameworks",
				);
				MARKETING_VERSION = 1.0;
				PRODUCT_BUNDLE_IDENTIFIER = com.afrcvn.Quran;
				PRODUCT_NAME = "$(TARGET_NAME)";
				SWIFT_EMIT_LOC_STRINGS = YES;
				SWIFT_VERSION = 5.0;
				TARGETED_DEVICE_FAMILY = "1,2";
			};
			name = Release;
		};
/* End XCBuildConfiguration section */

/* Begin XCConfigurationList section */
		F4A4B0E4298449FB000ABB8D /* Build configuration list for PBXProject "Quran" */ = {
			isa = XCConfigurationList;
			buildConfigurations = (
				F4A4B0FA298449FE000ABB8D /* Debug */,
				F4A4B0FB298449FE000ABB8D /* Release */,
			);
			defaultConfigurationIsVisible = 0;
			defaultConfigurationName = Release;
		};
		F4A4B0FC298449FE000ABB8D /* Build configuration list for PBXNativeTarget "Quran" */ = {
			isa = XCConfigurationList;
			buildConfigurations = (
				F4A4B0FD298449FE000ABB8D /* Debug */,
				F4A4B0FE298449FE000ABB8D /* Release */,
			);
			defaultConfigurationIsVisible = 0;
			defaultConfigurationName = Release;
		};
/* End XCConfigurationList section */

/* Begin XCVersionGroup section */
		F4A4B0F7298449FE000ABB8D /* Quran.xcdatamodeld */ = {
			isa = XCVersionGroup;
			children = (
				F4A4B0F8298449FE000ABB8D /* Quran.xcdatamodel */,
			);
			currentVersion = F4A4B0F8298449FE000ABB8D /* Quran.xcdatamodel */;
			path = Quran.xcdatamodeld;
			sourceTree = "<group>";
			versionGroupType = wrapper.xcdatamodel;
		};
/* End XCVersionGroup section */
	};
	rootObject = F4A4B0E1298449FB000ABB8D /* Project object */;
}
