// !$*UTF8*$!
{
	archiveVersion = 1;
	classes = {
	};
	objectVersion = 56;
	objects = {

/* Begin PBXBuildFile section */
		F40CE3AE29A7C65B004C05F1 /* QuranItem.swift in Sources */ = {isa = PBXBuildFile; fileRef = F40CE3AD29A7C65B004C05F1 /* QuranItem.swift */; };
		F40CE3B029A80120004C05F1 /* KollectionSection.swift in Sources */ = {isa = PBXBuildFile; fileRef = F40CE3AF29A80120004C05F1 /* KollectionSection.swift */; };
		F40CE3D929A81E2D004C05F1 /* PageView.swift in Sources */ = {isa = PBXBuildFile; fileRef = F40CE3D829A81E2D004C05F1 /* PageView.swift */; };
		F40CE3DC29A8521F004C05F1 /* Localizable.strings in Resources */ = {isa = PBXBuildFile; fileRef = F40CE3DE29A8521F004C05F1 /* Localizable.strings */; };
		F40CE3E229A8BD79004C05F1 /* Sofhas.xcassets in Resources */ = {isa = PBXBuildFile; fileRef = F40CE3E129A8BD79004C05F1 /* Sofhas.xcassets */; };
		F42A21F929A38D5E0041DC97 /* ayasTranslation.strings in Resources */ = {isa = PBXBuildFile; fileRef = F42A21FB29A38D5E0041DC97 /* ayasTranslation.strings */; };
		F440441329A6E0CD0017DDCE /* PinButton.swift in Sources */ = {isa = PBXBuildFile; fileRef = F440441229A6E0CD0017DDCE /* PinButton.swift */; };
		F440441529A6EC600017DDCE /* QuranItemRow.swift in Sources */ = {isa = PBXBuildFile; fileRef = F440441429A6EC600017DDCE /* QuranItemRow.swift */; };
		F440441729A6EDE40017DDCE /* QuranItemsSection.swift in Sources */ = {isa = PBXBuildFile; fileRef = F440441629A6EDE40017DDCE /* QuranItemsSection.swift */; };
		F48AC06029A2086700FC7AED /* suras.json in Resources */ = {isa = PBXBuildFile; fileRef = F48AC05B29A2086700FC7AED /* suras.json */; };
		F48AC06129A2086700FC7AED /* me_quran.ttf in Resources */ = {isa = PBXBuildFile; fileRef = F48AC05D29A2086700FC7AED /* me_quran.ttf */; };
		F48AC06229A2086700FC7AED /* Waseem.ttc in Resources */ = {isa = PBXBuildFile; fileRef = F48AC05E29A2086700FC7AED /* Waseem.ttc */; };
		F48AC06329A2086700FC7AED /* ayas.json in Resources */ = {isa = PBXBuildFile; fileRef = F48AC05F29A2086700FC7AED /* ayas.json */; };
		F48AC09E29A2091A00FC7AED /* Sofha.swift in Sources */ = {isa = PBXBuildFile; fileRef = F48AC09229A2091A00FC7AED /* Sofha.swift */; };
		F48AC09F29A2091A00FC7AED /* Hizb.swift in Sources */ = {isa = PBXBuildFile; fileRef = F48AC09429A2091A00FC7AED /* Hizb.swift */; };
		F48AC0A029A2091A00FC7AED /* QuranProvider.swift in Sources */ = {isa = PBXBuildFile; fileRef = F48AC09529A2091A00FC7AED /* QuranProvider.swift */; };
		F48AC0A129A2091A00FC7AED /* Sura.swift in Sources */ = {isa = PBXBuildFile; fileRef = F48AC09729A2091A00FC7AED /* Sura.swift */; };
		F48AC0A229A2091A00FC7AED /* Aya+SwiftUI.swift in Sources */ = {isa = PBXBuildFile; fileRef = F48AC09929A2091A00FC7AED /* Aya+SwiftUI.swift */; };
		F48AC0A329A2091A00FC7AED /* AyaRow.swift in Sources */ = {isa = PBXBuildFile; fileRef = F48AC09A29A2091A00FC7AED /* AyaRow.swift */; };
		F48AC0A429A2091A00FC7AED /* Aya.swift in Sources */ = {isa = PBXBuildFile; fileRef = F48AC09B29A2091A00FC7AED /* Aya.swift */; };
		F48AC0A529A2091A00FC7AED /* Kolllection.swift in Sources */ = {isa = PBXBuildFile; fileRef = F48AC09D29A2091A00FC7AED /* Kolllection.swift */; };
		F48AC0A829A2098C00FC7AED /* String.swift in Sources */ = {isa = PBXBuildFile; fileRef = F48AC0A729A2098C00FC7AED /* String.swift */; };
		F4A4B0ED298449FB000ABB8D /* QuranApp.swift in Sources */ = {isa = PBXBuildFile; fileRef = F4A4B0EC298449FB000ABB8D /* QuranApp.swift */; };
		F4A4B0EF298449FB000ABB8D /* ContentView.swift in Sources */ = {isa = PBXBuildFile; fileRef = F4A4B0EE298449FB000ABB8D /* ContentView.swift */; };
		F4A4B0F1298449FE000ABB8D /* Assets.xcassets in Resources */ = {isa = PBXBuildFile; fileRef = F4A4B0F0298449FE000ABB8D /* Assets.xcassets */; };
		F4A4B0F4298449FE000ABB8D /* Preview Assets.xcassets in Resources */ = {isa = PBXBuildFile; fileRef = F4A4B0F3298449FE000ABB8D /* Preview Assets.xcassets */; };
		F4BEF90B29A38EEF0012F483 /* AyaCard.swift in Sources */ = {isa = PBXBuildFile; fileRef = F4BEF90A29A38EEF0012F483 /* AyaCard.swift */; };
		F4BEF90D29A396FB0012F483 /* SuraCard.swift in Sources */ = {isa = PBXBuildFile; fileRef = F4BEF90C29A396FB0012F483 /* SuraCard.swift */; };
		F4BEF91029A39B7B0012F483 /* CustomFont.swift in Sources */ = {isa = PBXBuildFile; fileRef = F4BEF90F29A39B7B0012F483 /* CustomFont.swift */; };
		F4BEF91329A39E870012F483 /* suraNameTranslation.strings in Resources */ = {isa = PBXBuildFile; fileRef = F4BEF91529A39E870012F483 /* suraNameTranslation.strings */; };
		F4BEF91829A3C8660012F483 /* SofhaCard.swift in Sources */ = {isa = PBXBuildFile; fileRef = F4BEF91729A3C8650012F483 /* SofhaCard.swift */; };
		F4BEF91C29A3CFC40012F483 /* AyasCard.swift in Sources */ = {isa = PBXBuildFile; fileRef = F4BEF91B29A3CFC40012F483 /* AyasCard.swift */; };
		F4BEF91E29A3D1990012F483 /* HizbCard.swift in Sources */ = {isa = PBXBuildFile; fileRef = F4BEF91D29A3D1990012F483 /* HizbCard.swift */; };
		F4BEF92029A3DE180012F483 /* Model.swift in Sources */ = {isa = PBXBuildFile; fileRef = F4BEF91F29A3DE180012F483 /* Model.swift */; };
		F4BEF92229A3DF0C0012F483 /* Container.swift in Sources */ = {isa = PBXBuildFile; fileRef = F4BEF92129A3DF0C0012F483 /* Container.swift */; };
		F4BEF92429A3E9A50012F483 /* Color.swift in Sources */ = {isa = PBXBuildFile; fileRef = F4BEF92329A3E9A50012F483 /* Color.swift */; };
		F4BEF94029A464EE0012F483 /* SearchView.swift in Sources */ = {isa = PBXBuildFile; fileRef = F4BEF93F29A464EE0012F483 /* SearchView.swift */; };
		F4BEF94229A469810012F483 /* SheetButton.swift in Sources */ = {isa = PBXBuildFile; fileRef = F4BEF94129A469810012F483 /* SheetButton.swift */; };
		F4BEF94429A46A100012F483 /* CloseButton.swift in Sources */ = {isa = PBXBuildFile; fileRef = F4BEF94329A46A100012F483 /* CloseButton.swift */; };
		F4BEF94629A510A80012F483 /* RankView.swift in Sources */ = {isa = PBXBuildFile; fileRef = F4BEF94529A510A80012F483 /* RankView.swift */; };
		F4BEF94829A513CC0012F483 /* StarButton.swift in Sources */ = {isa = PBXBuildFile; fileRef = F4BEF94729A513CC0012F483 /* StarButton.swift */; };
		F4BEF94A29A51CB20012F483 /* SuraRow.swift in Sources */ = {isa = PBXBuildFile; fileRef = F4BEF94929A51CB20012F483 /* SuraRow.swift */; };
		F4BEF94C29A51DA40012F483 /* SofhaRow.swift in Sources */ = {isa = PBXBuildFile; fileRef = F4BEF94B29A51DA40012F483 /* SofhaRow.swift */; };
		F4BEF94E29A51EF80012F483 /* HizbRow.swift in Sources */ = {isa = PBXBuildFile; fileRef = F4BEF94D29A51EF80012F483 /* HizbRow.swift */; };
		F4BEF95229A51FF70012F483 /* QuranIndeView.swift in Sources */ = {isa = PBXBuildFile; fileRef = F4BEF95129A51FF60012F483 /* QuranIndeView.swift */; };
		F4BEF95429A5207D0012F483 /* SuraList.swift in Sources */ = {isa = PBXBuildFile; fileRef = F4BEF95329A5207D0012F483 /* SuraList.swift */; };
		F4BEF95629A523810012F483 /* SofhaList.swift in Sources */ = {isa = PBXBuildFile; fileRef = F4BEF95529A523810012F483 /* SofhaList.swift */; };
		F4BEF95829A524D30012F483 /* View.swift in Sources */ = {isa = PBXBuildFile; fileRef = F4BEF95729A524D30012F483 /* View.swift */; };
		F4BEF95A29A525A50012F483 /* AyaList.swift in Sources */ = {isa = PBXBuildFile; fileRef = F4BEF95929A525A50012F483 /* AyaList.swift */; };
		F4BEF95C29A52AB10012F483 /* HizbList.swift in Sources */ = {isa = PBXBuildFile; fileRef = F4BEF95B29A52AB10012F483 /* HizbList.swift */; };
		F4BEF95E29A554630012F483 /* SuraView.swift in Sources */ = {isa = PBXBuildFile; fileRef = F4BEF95D29A554630012F483 /* SuraView.swift */; };
		F4BEF96029A555D30012F483 /* AyaView.swift in Sources */ = {isa = PBXBuildFile; fileRef = F4BEF95F29A555D30012F483 /* AyaView.swift */; };
		F4BEF96229A577F60012F483 /* SuraPages.swift in Sources */ = {isa = PBXBuildFile; fileRef = F4BEF96129A577F60012F483 /* SuraPages.swift */; };
		F4BEF96429A57BD10012F483 /* QuranView.swift in Sources */ = {isa = PBXBuildFile; fileRef = F4BEF96329A57BD00012F483 /* QuranView.swift */; };
		F4BEF96629A57DA00012F483 /* HomeView.swift in Sources */ = {isa = PBXBuildFile; fileRef = F4BEF96529A57DA00012F483 /* HomeView.swift */; };
		F4BEF96829A59FCC0012F483 /* SofhaView.swift in Sources */ = {isa = PBXBuildFile; fileRef = F4BEF96729A59FCC0012F483 /* SofhaView.swift */; };
		F4BEF96A29A5A1210012F483 /* SofhaPages.swift in Sources */ = {isa = PBXBuildFile; fileRef = F4BEF96929A5A1200012F483 /* SofhaPages.swift */; };
		F4BEF96C29A5A3010012F483 /* QuranViewModel.swift in Sources */ = {isa = PBXBuildFile; fileRef = F4BEF96B29A5A3010012F483 /* QuranViewModel.swift */; };
		F4CBB12129AEDB8000B2CB3F /* QuranInfoView.swift in Sources */ = {isa = PBXBuildFile; fileRef = F4CBB12029AEDB8000B2CB3F /* QuranInfoView.swift */; };
		F4D6749429A66776006366D3 /* QuranSettings.swift in Sources */ = {isa = PBXBuildFile; fileRef = F4D6749329A66776006366D3 /* QuranSettings.swift */; };
		F4D6749629A668F9006366D3 /* SettingsView.swift in Sources */ = {isa = PBXBuildFile; fileRef = F4D6749529A668F9006366D3 /* SettingsView.swift */; };
		F4D6749829A678F5006366D3 /* AmiriQuran-Regular.ttf in Resources */ = {isa = PBXBuildFile; fileRef = F4D6749729A678F5006366D3 /* AmiriQuran-Regular.ttf */; };
		F4D6749A29A68755006366D3 /* FavoriteView.swift in Sources */ = {isa = PBXBuildFile; fileRef = F4D6749929A68755006366D3 /* FavoriteView.swift */; };
		F4D6749C29A69BD7006366D3 /* KollectionEditor.swift in Sources */ = {isa = PBXBuildFile; fileRef = F4D6749B29A69BD7006366D3 /* KollectionEditor.swift */; };
		F4D6749E29A6B172006366D3 /* KollectionView.swift in Sources */ = {isa = PBXBuildFile; fileRef = F4D6749D29A6B172006366D3 /* KollectionView.swift */; };
		F4D674A029A6BE9C006366D3 /* Set.swift in Sources */ = {isa = PBXBuildFile; fileRef = F4D6749F29A6BE9C006366D3 /* Set.swift */; };
/* End PBXBuildFile section */

/* Begin PBXCopyFilesBuildPhase section */
		F40CE3F229A8CD79004C05F1 /* Embed Foundation Extensions */ = {
			isa = PBXCopyFilesBuildPhase;
			buildActionMask = 2147483647;
			dstPath = "";
			dstSubfolderSpec = 13;
			files = (
			);
			name = "Embed Foundation Extensions";
			runOnlyForDeploymentPostprocessing = 0;
		};
/* End PBXCopyFilesBuildPhase section */

/* Begin PBXFileReference section */
		F40CE3AD29A7C65B004C05F1 /* QuranItem.swift */ = {isa = PBXFileReference; lastKnownFileType = sourcecode.swift; path = QuranItem.swift; sourceTree = "<group>"; };
		F40CE3AF29A80120004C05F1 /* KollectionSection.swift */ = {isa = PBXFileReference; lastKnownFileType = sourcecode.swift; path = KollectionSection.swift; sourceTree = "<group>"; };
		F40CE3D829A81E2D004C05F1 /* PageView.swift */ = {isa = PBXFileReference; lastKnownFileType = sourcecode.swift; path = PageView.swift; sourceTree = "<group>"; };
		F40CE3DD29A8521F004C05F1 /* en */ = {isa = PBXFileReference; lastKnownFileType = text.plist.strings; name = en; path = en.lproj/Localizable.strings; sourceTree = "<group>"; };
		F40CE3DF29A85221004C05F1 /* ar */ = {isa = PBXFileReference; lastKnownFileType = text.plist.strings; name = ar; path = ar.lproj/Localizable.strings; sourceTree = "<group>"; };
		F40CE3E029A85221004C05F1 /* fr */ = {isa = PBXFileReference; lastKnownFileType = text.plist.strings; name = fr; path = fr.lproj/Localizable.strings; sourceTree = "<group>"; };
		F40CE3E129A8BD79004C05F1 /* Sofhas.xcassets */ = {isa = PBXFileReference; lastKnownFileType = folder.assetcatalog; path = Sofhas.xcassets; sourceTree = "<group>"; };
		F42A21FA29A38D5E0041DC97 /* en */ = {isa = PBXFileReference; lastKnownFileType = text.plist.strings; name = en; path = en.lproj/ayasTranslation.strings; sourceTree = "<group>"; };
		F42A21FC29A38D650041DC97 /* fr */ = {isa = PBXFileReference; lastKnownFileType = text.plist.strings; name = fr; path = fr.lproj/ayasTranslation.strings; sourceTree = "<group>"; };
		F440441229A6E0CD0017DDCE /* PinButton.swift */ = {isa = PBXFileReference; lastKnownFileType = sourcecode.swift; path = PinButton.swift; sourceTree = "<group>"; };
		F440441429A6EC600017DDCE /* QuranItemRow.swift */ = {isa = PBXFileReference; lastKnownFileType = sourcecode.swift; path = QuranItemRow.swift; sourceTree = "<group>"; };
		F440441629A6EDE40017DDCE /* QuranItemsSection.swift */ = {isa = PBXFileReference; lastKnownFileType = sourcecode.swift; path = QuranItemsSection.swift; sourceTree = "<group>"; };
		F48AC05B29A2086700FC7AED /* suras.json */ = {isa = PBXFileReference; fileEncoding = 4; lastKnownFileType = text.json; path = suras.json; sourceTree = "<group>"; };
		F48AC05D29A2086700FC7AED /* me_quran.ttf */ = {isa = PBXFileReference; lastKnownFileType = file; path = me_quran.ttf; sourceTree = "<group>"; };
		F48AC05E29A2086700FC7AED /* Waseem.ttc */ = {isa = PBXFileReference; lastKnownFileType = file; path = Waseem.ttc; sourceTree = "<group>"; };
		F48AC05F29A2086700FC7AED /* ayas.json */ = {isa = PBXFileReference; fileEncoding = 4; lastKnownFileType = text.json; path = ayas.json; sourceTree = "<group>"; };
		F48AC09229A2091A00FC7AED /* Sofha.swift */ = {isa = PBXFileReference; fileEncoding = 4; lastKnownFileType = sourcecode.swift; path = Sofha.swift; sourceTree = "<group>"; };
		F48AC09429A2091A00FC7AED /* Hizb.swift */ = {isa = PBXFileReference; fileEncoding = 4; lastKnownFileType = sourcecode.swift; path = Hizb.swift; sourceTree = "<group>"; };
		F48AC09529A2091A00FC7AED /* QuranProvider.swift */ = {isa = PBXFileReference; fileEncoding = 4; lastKnownFileType = sourcecode.swift; path = QuranProvider.swift; sourceTree = "<group>"; };
		F48AC09729A2091A00FC7AED /* Sura.swift */ = {isa = PBXFileReference; fileEncoding = 4; lastKnownFileType = sourcecode.swift; path = Sura.swift; sourceTree = "<group>"; };
		F48AC09929A2091A00FC7AED /* Aya+SwiftUI.swift */ = {isa = PBXFileReference; fileEncoding = 4; lastKnownFileType = sourcecode.swift; path = "Aya+SwiftUI.swift"; sourceTree = "<group>"; };
		F48AC09A29A2091A00FC7AED /* AyaRow.swift */ = {isa = PBXFileReference; fileEncoding = 4; lastKnownFileType = sourcecode.swift; path = AyaRow.swift; sourceTree = "<group>"; };
		F48AC09B29A2091A00FC7AED /* Aya.swift */ = {isa = PBXFileReference; fileEncoding = 4; lastKnownFileType = sourcecode.swift; path = Aya.swift; sourceTree = "<group>"; };
		F48AC09D29A2091A00FC7AED /* Kolllection.swift */ = {isa = PBXFileReference; fileEncoding = 4; lastKnownFileType = sourcecode.swift; path = Kolllection.swift; sourceTree = "<group>"; };
		F48AC0A729A2098C00FC7AED /* String.swift */ = {isa = PBXFileReference; lastKnownFileType = sourcecode.swift; path = String.swift; sourceTree = "<group>"; };
		F4A4B0E9298449FB000ABB8D /* Quran.app */ = {isa = PBXFileReference; explicitFileType = wrapper.application; includeInIndex = 0; path = Quran.app; sourceTree = BUILT_PRODUCTS_DIR; };
		F4A4B0EC298449FB000ABB8D /* QuranApp.swift */ = {isa = PBXFileReference; lastKnownFileType = sourcecode.swift; path = QuranApp.swift; sourceTree = "<group>"; };
		F4A4B0EE298449FB000ABB8D /* ContentView.swift */ = {isa = PBXFileReference; lastKnownFileType = sourcecode.swift; path = ContentView.swift; sourceTree = "<group>"; };
		F4A4B0F0298449FE000ABB8D /* Assets.xcassets */ = {isa = PBXFileReference; lastKnownFileType = folder.assetcatalog; path = Assets.xcassets; sourceTree = "<group>"; };
		F4A4B0F3298449FE000ABB8D /* Preview Assets.xcassets */ = {isa = PBXFileReference; lastKnownFileType = folder.assetcatalog; path = "Preview Assets.xcassets"; sourceTree = "<group>"; };
		F4A4B1682984563A000ABB8D /* Info.plist */ = {isa = PBXFileReference; lastKnownFileType = text.plist; path = Info.plist; sourceTree = "<group>"; };
		F4BEF90A29A38EEF0012F483 /* AyaCard.swift */ = {isa = PBXFileReference; lastKnownFileType = sourcecode.swift; path = AyaCard.swift; sourceTree = "<group>"; };
		F4BEF90C29A396FB0012F483 /* SuraCard.swift */ = {isa = PBXFileReference; lastKnownFileType = sourcecode.swift; path = SuraCard.swift; sourceTree = "<group>"; };
		F4BEF90F29A39B7B0012F483 /* CustomFont.swift */ = {isa = PBXFileReference; lastKnownFileType = sourcecode.swift; path = CustomFont.swift; sourceTree = "<group>"; };
		F4BEF91429A39E870012F483 /* en */ = {isa = PBXFileReference; lastKnownFileType = text.plist.strings; name = en; path = en.lproj/suraNameTranslation.strings; sourceTree = "<group>"; };
		F4BEF91629A39E890012F483 /* fr */ = {isa = PBXFileReference; lastKnownFileType = text.plist.strings; name = fr; path = fr.lproj/suraNameTranslation.strings; sourceTree = "<group>"; };
		F4BEF91729A3C8650012F483 /* SofhaCard.swift */ = {isa = PBXFileReference; lastKnownFileType = sourcecode.swift; path = SofhaCard.swift; sourceTree = "<group>"; };
		F4BEF91B29A3CFC40012F483 /* AyasCard.swift */ = {isa = PBXFileReference; lastKnownFileType = sourcecode.swift; path = AyasCard.swift; sourceTree = "<group>"; };
		F4BEF91D29A3D1990012F483 /* HizbCard.swift */ = {isa = PBXFileReference; lastKnownFileType = sourcecode.swift; path = HizbCard.swift; sourceTree = "<group>"; };
		F4BEF91F29A3DE180012F483 /* Model.swift */ = {isa = PBXFileReference; lastKnownFileType = sourcecode.swift; path = Model.swift; sourceTree = "<group>"; };
		F4BEF92129A3DF0C0012F483 /* Container.swift */ = {isa = PBXFileReference; lastKnownFileType = sourcecode.swift; path = Container.swift; sourceTree = "<group>"; };
		F4BEF92329A3E9A50012F483 /* Color.swift */ = {isa = PBXFileReference; lastKnownFileType = sourcecode.swift; path = Color.swift; sourceTree = "<group>"; };
		F4BEF93F29A464EE0012F483 /* SearchView.swift */ = {isa = PBXFileReference; lastKnownFileType = sourcecode.swift; path = SearchView.swift; sourceTree = "<group>"; };
		F4BEF94129A469810012F483 /* SheetButton.swift */ = {isa = PBXFileReference; lastKnownFileType = sourcecode.swift; path = SheetButton.swift; sourceTree = "<group>"; };
		F4BEF94329A46A100012F483 /* CloseButton.swift */ = {isa = PBXFileReference; lastKnownFileType = sourcecode.swift; path = CloseButton.swift; sourceTree = "<group>"; };
		F4BEF94529A510A80012F483 /* RankView.swift */ = {isa = PBXFileReference; lastKnownFileType = sourcecode.swift; path = RankView.swift; sourceTree = "<group>"; };
		F4BEF94729A513CC0012F483 /* StarButton.swift */ = {isa = PBXFileReference; lastKnownFileType = sourcecode.swift; path = StarButton.swift; sourceTree = "<group>"; };
		F4BEF94929A51CB20012F483 /* SuraRow.swift */ = {isa = PBXFileReference; lastKnownFileType = sourcecode.swift; path = SuraRow.swift; sourceTree = "<group>"; };
		F4BEF94B29A51DA40012F483 /* SofhaRow.swift */ = {isa = PBXFileReference; lastKnownFileType = sourcecode.swift; path = SofhaRow.swift; sourceTree = "<group>"; };
		F4BEF94D29A51EF80012F483 /* HizbRow.swift */ = {isa = PBXFileReference; lastKnownFileType = sourcecode.swift; path = HizbRow.swift; sourceTree = "<group>"; };
		F4BEF95129A51FF60012F483 /* QuranIndeView.swift */ = {isa = PBXFileReference; lastKnownFileType = sourcecode.swift; path = QuranIndeView.swift; sourceTree = "<group>"; };
		F4BEF95329A5207D0012F483 /* SuraList.swift */ = {isa = PBXFileReference; lastKnownFileType = sourcecode.swift; path = SuraList.swift; sourceTree = "<group>"; };
		F4BEF95529A523810012F483 /* SofhaList.swift */ = {isa = PBXFileReference; lastKnownFileType = sourcecode.swift; path = SofhaList.swift; sourceTree = "<group>"; };
		F4BEF95729A524D30012F483 /* View.swift */ = {isa = PBXFileReference; lastKnownFileType = sourcecode.swift; path = View.swift; sourceTree = "<group>"; };
		F4BEF95929A525A50012F483 /* AyaList.swift */ = {isa = PBXFileReference; lastKnownFileType = sourcecode.swift; path = AyaList.swift; sourceTree = "<group>"; };
		F4BEF95B29A52AB10012F483 /* HizbList.swift */ = {isa = PBXFileReference; lastKnownFileType = sourcecode.swift; path = HizbList.swift; sourceTree = "<group>"; };
		F4BEF95D29A554630012F483 /* SuraView.swift */ = {isa = PBXFileReference; lastKnownFileType = sourcecode.swift; path = SuraView.swift; sourceTree = "<group>"; };
		F4BEF95F29A555D30012F483 /* AyaView.swift */ = {isa = PBXFileReference; lastKnownFileType = sourcecode.swift; path = AyaView.swift; sourceTree = "<group>"; };
		F4BEF96129A577F60012F483 /* SuraPages.swift */ = {isa = PBXFileReference; lastKnownFileType = sourcecode.swift; path = SuraPages.swift; sourceTree = "<group>"; };
		F4BEF96329A57BD00012F483 /* QuranView.swift */ = {isa = PBXFileReference; lastKnownFileType = sourcecode.swift; path = QuranView.swift; sourceTree = "<group>"; };
		F4BEF96529A57DA00012F483 /* HomeView.swift */ = {isa = PBXFileReference; lastKnownFileType = sourcecode.swift; path = HomeView.swift; sourceTree = "<group>"; };
		F4BEF96729A59FCC0012F483 /* SofhaView.swift */ = {isa = PBXFileReference; lastKnownFileType = sourcecode.swift; path = SofhaView.swift; sourceTree = "<group>"; };
		F4BEF96929A5A1200012F483 /* SofhaPages.swift */ = {isa = PBXFileReference; lastKnownFileType = sourcecode.swift; path = SofhaPages.swift; sourceTree = "<group>"; };
		F4BEF96B29A5A3010012F483 /* QuranViewModel.swift */ = {isa = PBXFileReference; lastKnownFileType = sourcecode.swift; path = QuranViewModel.swift; sourceTree = "<group>"; };
		F4CBB12029AEDB8000B2CB3F /* QuranInfoView.swift */ = {isa = PBXFileReference; lastKnownFileType = sourcecode.swift; path = QuranInfoView.swift; sourceTree = "<group>"; };
		F4D6749329A66776006366D3 /* QuranSettings.swift */ = {isa = PBXFileReference; lastKnownFileType = sourcecode.swift; path = QuranSettings.swift; sourceTree = "<group>"; };
		F4D6749529A668F9006366D3 /* SettingsView.swift */ = {isa = PBXFileReference; lastKnownFileType = sourcecode.swift; path = SettingsView.swift; sourceTree = "<group>"; };
		F4D6749729A678F5006366D3 /* AmiriQuran-Regular.ttf */ = {isa = PBXFileReference; lastKnownFileType = file; path = "AmiriQuran-Regular.ttf"; sourceTree = "<group>"; };
		F4D6749929A68755006366D3 /* FavoriteView.swift */ = {isa = PBXFileReference; lastKnownFileType = sourcecode.swift; path = FavoriteView.swift; sourceTree = "<group>"; };
		F4D6749B29A69BD7006366D3 /* KollectionEditor.swift */ = {isa = PBXFileReference; lastKnownFileType = sourcecode.swift; path = KollectionEditor.swift; sourceTree = "<group>"; };
		F4D6749D29A6B172006366D3 /* KollectionView.swift */ = {isa = PBXFileReference; lastKnownFileType = sourcecode.swift; path = KollectionView.swift; sourceTree = "<group>"; };
		F4D6749F29A6BE9C006366D3 /* Set.swift */ = {isa = PBXFileReference; lastKnownFileType = sourcecode.swift; path = Set.swift; sourceTree = "<group>"; };
/* End PBXFileReference section */

/* Begin PBXFrameworksBuildPhase section */
		F4A4B0E6298449FB000ABB8D /* Frameworks */ = {
			isa = PBXFrameworksBuildPhase;
			buildActionMask = 2147483647;
			files = (
			);
			runOnlyForDeploymentPostprocessing = 0;
		};
/* End PBXFrameworksBuildPhase section */

/* Begin PBXGroup section */
		F48AC05A29A2086700FC7AED /* Resource */ = {
			isa = PBXGroup;
			children = (
				F48AC05C29A2086700FC7AED /* Font */,
				F48AC05B29A2086700FC7AED /* suras.json */,
				F48AC05F29A2086700FC7AED /* ayas.json */,
				F4BEF91529A39E870012F483 /* suraNameTranslation.strings */,
				F42A21FB29A38D5E0041DC97 /* ayasTranslation.strings */,
				F40CE3DE29A8521F004C05F1 /* Localizable.strings */,
			);
			name = Resource;
			path = ../../applications/ios/Quran/Quran/Resource;
			sourceTree = "<group>";
		};
		F48AC05C29A2086700FC7AED /* Font */ = {
			isa = PBXGroup;
			children = (
				F4D6749729A678F5006366D3 /* AmiriQuran-Regular.ttf */,
				F48AC05D29A2086700FC7AED /* me_quran.ttf */,
				F48AC05E29A2086700FC7AED /* Waseem.ttc */,
			);
			path = Font;
			sourceTree = "<group>";
		};
		F48AC09029A2091A00FC7AED /* Quran */ = {
			isa = PBXGroup;
			children = (
				F48AC09829A2091A00FC7AED /* Aya */,
				F48AC09629A2091A00FC7AED /* Sura */,
				F48AC09129A2091A00FC7AED /* Sofha */,
				F48AC09329A2091A00FC7AED /* Hizb */,
				F48AC09529A2091A00FC7AED /* QuranProvider.swift */,
				F4BEF95129A51FF60012F483 /* QuranIndeView.swift */,
				F4BEF96329A57BD00012F483 /* QuranView.swift */,
				F4BEF96B29A5A3010012F483 /* QuranViewModel.swift */,
				F4D6749329A66776006366D3 /* QuranSettings.swift */,
				F440441429A6EC600017DDCE /* QuranItemRow.swift */,
				F440441629A6EDE40017DDCE /* QuranItemsSection.swift */,
				F40CE3AD29A7C65B004C05F1 /* QuranItem.swift */,
				F4CBB12029AEDB8000B2CB3F /* QuranInfoView.swift */,
			);
			path = Quran;
			sourceTree = "<group>";
		};
		F48AC09129A2091A00FC7AED /* Sofha */ = {
			isa = PBXGroup;
			children = (
				F48AC09229A2091A00FC7AED /* Sofha.swift */,
				F4BEF91729A3C8650012F483 /* SofhaCard.swift */,
				F4BEF94B29A51DA40012F483 /* SofhaRow.swift */,
				F4BEF95529A523810012F483 /* SofhaList.swift */,
				F4BEF96729A59FCC0012F483 /* SofhaView.swift */,
				F4BEF96929A5A1200012F483 /* SofhaPages.swift */,
			);
			path = Sofha;
			sourceTree = "<group>";
		};
		F48AC09329A2091A00FC7AED /* Hizb */ = {
			isa = PBXGroup;
			children = (
				F48AC09429A2091A00FC7AED /* Hizb.swift */,
				F4BEF91D29A3D1990012F483 /* HizbCard.swift */,
				F4BEF94D29A51EF80012F483 /* HizbRow.swift */,
				F4BEF95B29A52AB10012F483 /* HizbList.swift */,
			);
			path = Hizb;
			sourceTree = "<group>";
		};
		F48AC09629A2091A00FC7AED /* Sura */ = {
			isa = PBXGroup;
			children = (
				F48AC09729A2091A00FC7AED /* Sura.swift */,
				F4BEF90C29A396FB0012F483 /* SuraCard.swift */,
				F4BEF94929A51CB20012F483 /* SuraRow.swift */,
				F4BEF95329A5207D0012F483 /* SuraList.swift */,
				F4BEF95D29A554630012F483 /* SuraView.swift */,
				F4BEF96129A577F60012F483 /* SuraPages.swift */,
			);
			path = Sura;
			sourceTree = "<group>";
		};
		F48AC09829A2091A00FC7AED /* Aya */ = {
			isa = PBXGroup;
			children = (
				F48AC09929A2091A00FC7AED /* Aya+SwiftUI.swift */,
				F48AC09A29A2091A00FC7AED /* AyaRow.swift */,
				F48AC09B29A2091A00FC7AED /* Aya.swift */,
				F4BEF90A29A38EEF0012F483 /* AyaCard.swift */,
				F4BEF91B29A3CFC40012F483 /* AyasCard.swift */,
				F4BEF95929A525A50012F483 /* AyaList.swift */,
				F4BEF95F29A555D30012F483 /* AyaView.swift */,
			);
			path = Aya;
			sourceTree = "<group>";
		};
		F48AC09C29A2091A00FC7AED /* Kollection */ = {
			isa = PBXGroup;
			children = (
				F48AC09D29A2091A00FC7AED /* Kolllection.swift */,
				F4D6749929A68755006366D3 /* FavoriteView.swift */,
				F4D6749B29A69BD7006366D3 /* KollectionEditor.swift */,
				F4D6749D29A6B172006366D3 /* KollectionView.swift */,
				F40CE3AF29A80120004C05F1 /* KollectionSection.swift */,
			);
			path = Kollection;
			sourceTree = "<group>";
		};
		F48AC0A629A2098300FC7AED /* Helper */ = {
			isa = PBXGroup;
			children = (
				F48AC0A729A2098C00FC7AED /* String.swift */,
				F4BEF92329A3E9A50012F483 /* Color.swift */,
				F4BEF95729A524D30012F483 /* View.swift */,
				F4D6749F29A6BE9C006366D3 /* Set.swift */,
			);
			path = Helper;
			sourceTree = "<group>";
		};
		F4A4B0E0298449FB000ABB8D = {
			isa = PBXGroup;
			children = (
				F4A4B0EB298449FB000ABB8D /* Quran */,
				F4A4B0EA298449FB000ABB8D /* Products */,
			);
			sourceTree = "<group>";
		};
		F4A4B0EA298449FB000ABB8D /* Products */ = {
			isa = PBXGroup;
			children = (
				F4A4B0E9298449FB000ABB8D /* Quran.app */,
			);
			name = Products;
			sourceTree = "<group>";
		};
		F4A4B0EB298449FB000ABB8D /* Quran */ = {
			isa = PBXGroup;
			children = (
				F4A4B1682984563A000ABB8D /* Info.plist */,
				F4BEF90E29A39B6D0012F483 /* Components */,
				F48AC0A629A2098300FC7AED /* Helper */,
				F48AC09C29A2091A00FC7AED /* Kollection */,
				F48AC09029A2091A00FC7AED /* Quran */,
				F48AC05A29A2086700FC7AED /* Resource */,
				F4A4B0EC298449FB000ABB8D /* QuranApp.swift */,
				F4BEF91F29A3DE180012F483 /* Model.swift */,
				F4A4B0EE298449FB000ABB8D /* ContentView.swift */,
				F4BEF93F29A464EE0012F483 /* SearchView.swift */,
				F4BEF96529A57DA00012F483 /* HomeView.swift */,
				F4D6749529A668F9006366D3 /* SettingsView.swift */,
				F4A4B0F0298449FE000ABB8D /* Assets.xcassets */,
				F40CE3E129A8BD79004C05F1 /* Sofhas.xcassets */,
				F4A4B0F2298449FE000ABB8D /* Preview Content */,
			);
			path = Quran;
			sourceTree = "<group>";
		};
		F4A4B0F2298449FE000ABB8D /* Preview Content */ = {
			isa = PBXGroup;
			children = (
				F4A4B0F3298449FE000ABB8D /* Preview Assets.xcassets */,
			);
			path = "Preview Content";
			sourceTree = "<group>";
		};
		F4BEF90E29A39B6D0012F483 /* Components */ = {
			isa = PBXGroup;
			children = (
				F4BEF90F29A39B7B0012F483 /* CustomFont.swift */,
				F4BEF92129A3DF0C0012F483 /* Container.swift */,
				F4BEF94129A469810012F483 /* SheetButton.swift */,
				F4BEF94329A46A100012F483 /* CloseButton.swift */,
				F4BEF94529A510A80012F483 /* RankView.swift */,
				F4BEF94729A513CC0012F483 /* StarButton.swift */,
				F440441229A6E0CD0017DDCE /* PinButton.swift */,
				F40CE3D829A81E2D004C05F1 /* PageView.swift */,
			);
			path = Components;
			sourceTree = "<group>";
		};
/* End PBXGroup section */

/* Begin PBXNativeTarget section */
		F4A4B0E8298449FB000ABB8D /* Quran */ = {
			isa = PBXNativeTarget;
			buildConfigurationList = F4A4B0FC298449FE000ABB8D /* Build configuration list for PBXNativeTarget "Quran" */;
			buildPhases = (
				F4A4B0E5298449FB000ABB8D /* Sources */,
				F4A4B0E6298449FB000ABB8D /* Frameworks */,
				F4A4B0E7298449FB000ABB8D /* Resources */,
				F40CE3F229A8CD79004C05F1 /* Embed Foundation Extensions */,
			);
			buildRules = (
			);
			dependencies = (
			);
			name = Quran;
			productName = Quran;
			productReference = F4A4B0E9298449FB000ABB8D /* Quran.app */;
			productType = "com.apple.product-type.application";
		};
/* End PBXNativeTarget section */

/* Begin PBXProject section */
		F4A4B0E1298449FB000ABB8D /* Project object */ = {
			isa = PBXProject;
			attributes = {
				BuildIndependentTargetsInParallel = 1;
				LastSwiftUpdateCheck = 1430;
				LastUpgradeCheck = 1430;
				TargetAttributes = {
					F4A4B0E8298449FB000ABB8D = {
						CreatedOnToolsVersion = 14.2;
					};
				};
			};
			buildConfigurationList = F4A4B0E4298449FB000ABB8D /* Build configuration list for PBXProject "Quran" */;
			compatibilityVersion = "Xcode 14.0";
			developmentRegion = en;
			hasScannedForEncodings = 0;
			knownRegions = (
				en,
				Base,
				ar,
				fr,
			);
			mainGroup = F4A4B0E0298449FB000ABB8D;
			productRefGroup = F4A4B0EA298449FB000ABB8D /* Products */;
			projectDirPath = "";
			projectRoot = "";
			targets = (
				F4A4B0E8298449FB000ABB8D /* Quran */,
			);
		};
/* End PBXProject section */

/* Begin PBXResourcesBuildPhase section */
		F4A4B0E7298449FB000ABB8D /* Resources */ = {
			isa = PBXResourcesBuildPhase;
			buildActionMask = 2147483647;
			files = (
				F48AC06129A2086700FC7AED /* me_quran.ttf in Resources */,
				F40CE3E229A8BD79004C05F1 /* Sofhas.xcassets in Resources */,
				F4D6749829A678F5006366D3 /* AmiriQuran-Regular.ttf in Resources */,
				F48AC06329A2086700FC7AED /* ayas.json in Resources */,
				F48AC06229A2086700FC7AED /* Waseem.ttc in Resources */,
				F4A4B0F4298449FE000ABB8D /* Preview Assets.xcassets in Resources */,
				F40CE3DC29A8521F004C05F1 /* Localizable.strings in Resources */,
				F4BEF91329A39E870012F483 /* suraNameTranslation.strings in Resources */,
				F42A21F929A38D5E0041DC97 /* ayasTranslation.strings in Resources */,
				F48AC06029A2086700FC7AED /* suras.json in Resources */,
				F4A4B0F1298449FE000ABB8D /* Assets.xcassets in Resources */,
			);
			runOnlyForDeploymentPostprocessing = 0;
		};
/* End PBXResourcesBuildPhase section */

/* Begin PBXSourcesBuildPhase section */
		F4A4B0E5298449FB000ABB8D /* Sources */ = {
			isa = PBXSourcesBuildPhase;
			buildActionMask = 2147483647;
			files = (
				F4BEF95829A524D30012F483 /* View.swift in Sources */,
				F4BEF95429A5207D0012F483 /* SuraList.swift in Sources */,
				F4BEF91829A3C8660012F483 /* SofhaCard.swift in Sources */,
				F4BEF94E29A51EF80012F483 /* HizbRow.swift in Sources */,
				F4BEF91E29A3D1990012F483 /* HizbCard.swift in Sources */,
				F4BEF91C29A3CFC40012F483 /* AyasCard.swift in Sources */,
				F4BEF90D29A396FB0012F483 /* SuraCard.swift in Sources */,
				F40CE3D929A81E2D004C05F1 /* PageView.swift in Sources */,
				F4BEF92229A3DF0C0012F483 /* Container.swift in Sources */,
				F4BEF96C29A5A3010012F483 /* QuranViewModel.swift in Sources */,
				F4BEF94229A469810012F483 /* SheetButton.swift in Sources */,
				F48AC0A429A2091A00FC7AED /* Aya.swift in Sources */,
				F48AC0A829A2098C00FC7AED /* String.swift in Sources */,
				F48AC09F29A2091A00FC7AED /* Hizb.swift in Sources */,
				F4BEF96429A57BD10012F483 /* QuranView.swift in Sources */,
				F4BEF95E29A554630012F483 /* SuraView.swift in Sources */,
				F48AC0A529A2091A00FC7AED /* Kolllection.swift in Sources */,
				F40CE3B029A80120004C05F1 /* KollectionSection.swift in Sources */,
				F4BEF96629A57DA00012F483 /* HomeView.swift in Sources */,
				F4D6749429A66776006366D3 /* QuranSettings.swift in Sources */,
				F48AC0A029A2091A00FC7AED /* QuranProvider.swift in Sources */,
				F4BEF94429A46A100012F483 /* CloseButton.swift in Sources */,
				F4BEF94029A464EE0012F483 /* SearchView.swift in Sources */,
				F4CBB12129AEDB8000B2CB3F /* QuranInfoView.swift in Sources */,
				F4D6749629A668F9006366D3 /* SettingsView.swift in Sources */,
				F4BEF92029A3DE180012F483 /* Model.swift in Sources */,
				F4BEF94C29A51DA40012F483 /* SofhaRow.swift in Sources */,
				F4A4B0EF298449FB000ABB8D /* ContentView.swift in Sources */,
				F4BEF91029A39B7B0012F483 /* CustomFont.swift in Sources */,
				F440441329A6E0CD0017DDCE /* PinButton.swift in Sources */,
				F4D6749C29A69BD7006366D3 /* KollectionEditor.swift in Sources */,
				F4BEF95629A523810012F483 /* SofhaList.swift in Sources */,
				F4BEF94629A510A80012F483 /* RankView.swift in Sources */,
				F4BEF95229A51FF70012F483 /* QuranIndeView.swift in Sources */,
				F4BEF92429A3E9A50012F483 /* Color.swift in Sources */,
				F4BEF96A29A5A1210012F483 /* SofhaPages.swift in Sources */,
				F4D674A029A6BE9C006366D3 /* Set.swift in Sources */,
				F48AC0A229A2091A00FC7AED /* Aya+SwiftUI.swift in Sources */,
				F4BEF96229A577F60012F483 /* SuraPages.swift in Sources */,
				F48AC09E29A2091A00FC7AED /* Sofha.swift in Sources */,
				F4D6749E29A6B172006366D3 /* KollectionView.swift in Sources */,
				F4BEF96829A59FCC0012F483 /* SofhaView.swift in Sources */,
				F4BEF94829A513CC0012F483 /* StarButton.swift in Sources */,
				F40CE3AE29A7C65B004C05F1 /* QuranItem.swift in Sources */,
				F48AC0A329A2091A00FC7AED /* AyaRow.swift in Sources */,
				F440441729A6EDE40017DDCE /* QuranItemsSection.swift in Sources */,
				F440441529A6EC600017DDCE /* QuranItemRow.swift in Sources */,
				F4BEF95C29A52AB10012F483 /* HizbList.swift in Sources */,
				F4BEF90B29A38EEF0012F483 /* AyaCard.swift in Sources */,
				F4BEF95A29A525A50012F483 /* AyaList.swift in Sources */,
				F48AC0A129A2091A00FC7AED /* Sura.swift in Sources */,
				F4A4B0ED298449FB000ABB8D /* QuranApp.swift in Sources */,
				F4BEF96029A555D30012F483 /* AyaView.swift in Sources */,
				F4D6749A29A68755006366D3 /* FavoriteView.swift in Sources */,
				F4BEF94A29A51CB20012F483 /* SuraRow.swift in Sources */,
			);
			runOnlyForDeploymentPostprocessing = 0;
		};
/* End PBXSourcesBuildPhase section */

/* Begin PBXVariantGroup section */
		F40CE3DE29A8521F004C05F1 /* Localizable.strings */ = {
			isa = PBXVariantGroup;
			children = (
				F40CE3DD29A8521F004C05F1 /* en */,
				F40CE3DF29A85221004C05F1 /* ar */,
				F40CE3E029A85221004C05F1 /* fr */,
			);
			name = Localizable.strings;
			sourceTree = "<group>";
		};
		F42A21FB29A38D5E0041DC97 /* ayasTranslation.strings */ = {
			isa = PBXVariantGroup;
			children = (
				F42A21FA29A38D5E0041DC97 /* en */,
				F42A21FC29A38D650041DC97 /* fr */,
			);
			name = ayasTranslation.strings;
			sourceTree = "<group>";
		};
		F4BEF91529A39E870012F483 /* suraNameTranslation.strings */ = {
			isa = PBXVariantGroup;
			children = (
				F4BEF91429A39E870012F483 /* en */,
				F4BEF91629A39E890012F483 /* fr */,
			);
			name = suraNameTranslation.strings;
			sourceTree = "<group>";
		};
/* End PBXVariantGroup section */

/* Begin XCBuildConfiguration section */
		F4A4B0FA298449FE000ABB8D /* Debug */ = {
			isa = XCBuildConfiguration;
			buildSettings = {
				ALWAYS_SEARCH_USER_PATHS = NO;
				CLANG_ANALYZER_LOCALIZABILITY_NONLOCALIZED = YES;
				CLANG_ANALYZER_NONNULL = YES;
				CLANG_ANALYZER_NUMBER_OBJECT_CONVERSION = YES_AGGRESSIVE;
				CLANG_CXX_LANGUAGE_STANDARD = "gnu++20";
				CLANG_ENABLE_MODULES = YES;
				CLANG_ENABLE_OBJC_ARC = YES;
				CLANG_ENABLE_OBJC_WEAK = YES;
				CLANG_WARN_BLOCK_CAPTURE_AUTORELEASING = YES;
				CLANG_WARN_BOOL_CONVERSION = YES;
				CLANG_WARN_COMMA = YES;
				CLANG_WARN_CONSTANT_CONVERSION = YES;
				CLANG_WARN_DEPRECATED_OBJC_IMPLEMENTATIONS = YES;
				CLANG_WARN_DIRECT_OBJC_ISA_USAGE = YES_ERROR;
				CLANG_WARN_DOCUMENTATION_COMMENTS = YES;
				CLANG_WARN_EMPTY_BODY = YES;
				CLANG_WARN_ENUM_CONVERSION = YES;
				CLANG_WARN_INFINITE_RECURSION = YES;
				CLANG_WARN_INT_CONVERSION = YES;
				CLANG_WARN_NON_LITERAL_NULL_CONVERSION = YES;
				CLANG_WARN_OBJC_IMPLICIT_RETAIN_SELF = YES;
				CLANG_WARN_OBJC_LITERAL_CONVERSION = YES;
				CLANG_WARN_OBJC_ROOT_CLASS = YES_ERROR;
				CLANG_WARN_QUOTED_INCLUDE_IN_FRAMEWORK_HEADER = YES;
				CLANG_WARN_RANGE_LOOP_ANALYSIS = YES;
				CLANG_WARN_STRICT_PROTOTYPES = YES;
				CLANG_WARN_SUSPICIOUS_MOVE = YES;
				CLANG_WARN_UNGUARDED_AVAILABILITY = YES_AGGRESSIVE;
				CLANG_WARN_UNREACHABLE_CODE = YES;
				CLANG_WARN__DUPLICATE_METHOD_MATCH = YES;
				COPY_PHASE_STRIP = NO;
				DEBUG_INFORMATION_FORMAT = dwarf;
				ENABLE_STRICT_OBJC_MSGSEND = YES;
				ENABLE_TESTABILITY = YES;
				GCC_C_LANGUAGE_STANDARD = gnu11;
				GCC_DYNAMIC_NO_PIC = NO;
				GCC_NO_COMMON_BLOCKS = YES;
				GCC_OPTIMIZATION_LEVEL = 0;
				GCC_PREPROCESSOR_DEFINITIONS = (
					"DEBUG=1",
					"$(inherited)",
				);
				GCC_WARN_64_TO_32_BIT_CONVERSION = YES;
				GCC_WARN_ABOUT_RETURN_TYPE = YES_ERROR;
				GCC_WARN_UNDECLARED_SELECTOR = YES;
				GCC_WARN_UNINITIALIZED_AUTOS = YES_AGGRESSIVE;
				GCC_WARN_UNUSED_FUNCTION = YES;
				GCC_WARN_UNUSED_VARIABLE = YES;
				IPHONEOS_DEPLOYMENT_TARGET = 16.0;
				MTL_ENABLE_DEBUG_INFO = INCLUDE_SOURCE;
				MTL_FAST_MATH = YES;
				ONLY_ACTIVE_ARCH = YES;
				SDKROOT = iphoneos;
				SWIFT_ACTIVE_COMPILATION_CONDITIONS = DEBUG;
				SWIFT_OPTIMIZATION_LEVEL = "-Onone";
			};
			name = Debug;
		};
		F4A4B0FB298449FE000ABB8D /* Release */ = {
			isa = XCBuildConfiguration;
			buildSettings = {
				ALWAYS_SEARCH_USER_PATHS = NO;
				CLANG_ANALYZER_LOCALIZABILITY_NONLOCALIZED = YES;
				CLANG_ANALYZER_NONNULL = YES;
				CLANG_ANALYZER_NUMBER_OBJECT_CONVERSION = YES_AGGRESSIVE;
				CLANG_CXX_LANGUAGE_STANDARD = "gnu++20";
				CLANG_ENABLE_MODULES = YES;
				CLANG_ENABLE_OBJC_ARC = YES;
				CLANG_ENABLE_OBJC_WEAK = YES;
				CLANG_WARN_BLOCK_CAPTURE_AUTORELEASING = YES;
				CLANG_WARN_BOOL_CONVERSION = YES;
				CLANG_WARN_COMMA = YES;
				CLANG_WARN_CONSTANT_CONVERSION = YES;
				CLANG_WARN_DEPRECATED_OBJC_IMPLEMENTATIONS = YES;
				CLANG_WARN_DIRECT_OBJC_ISA_USAGE = YES_ERROR;
				CLANG_WARN_DOCUMENTATION_COMMENTS = YES;
				CLANG_WARN_EMPTY_BODY = YES;
				CLANG_WARN_ENUM_CONVERSION = YES;
				CLANG_WARN_INFINITE_RECURSION = YES;
				CLANG_WARN_INT_CONVERSION = YES;
				CLANG_WARN_NON_LITERAL_NULL_CONVERSION = YES;
				CLANG_WARN_OBJC_IMPLICIT_RETAIN_SELF = YES;
				CLANG_WARN_OBJC_LITERAL_CONVERSION = YES;
				CLANG_WARN_OBJC_ROOT_CLASS = YES_ERROR;
				CLANG_WARN_QUOTED_INCLUDE_IN_FRAMEWORK_HEADER = YES;
				CLANG_WARN_RANGE_LOOP_ANALYSIS = YES;
				CLANG_WARN_STRICT_PROTOTYPES = YES;
				CLANG_WARN_SUSPICIOUS_MOVE = YES;
				CLANG_WARN_UNGUARDED_AVAILABILITY = YES_AGGRESSIVE;
				CLANG_WARN_UNREACHABLE_CODE = YES;
				CLANG_WARN__DUPLICATE_METHOD_MATCH = YES;
				COPY_PHASE_STRIP = NO;
				DEBUG_INFORMATION_FORMAT = "dwarf-with-dsym";
				ENABLE_NS_ASSERTIONS = NO;
				ENABLE_STRICT_OBJC_MSGSEND = YES;
				GCC_C_LANGUAGE_STANDARD = gnu11;
				GCC_NO_COMMON_BLOCKS = YES;
				GCC_WARN_64_TO_32_BIT_CONVERSION = YES;
				GCC_WARN_ABOUT_RETURN_TYPE = YES_ERROR;
				GCC_WARN_UNDECLARED_SELECTOR = YES;
				GCC_WARN_UNINITIALIZED_AUTOS = YES_AGGRESSIVE;
				GCC_WARN_UNUSED_FUNCTION = YES;
				GCC_WARN_UNUSED_VARIABLE = YES;
				IPHONEOS_DEPLOYMENT_TARGET = 16.0;
				MTL_ENABLE_DEBUG_INFO = NO;
				MTL_FAST_MATH = YES;
				SDKROOT = iphoneos;
				SWIFT_COMPILATION_MODE = wholemodule;
				SWIFT_OPTIMIZATION_LEVEL = "-O";
				VALIDATE_PRODUCT = YES;
			};
			name = Release;
		};
		F4A4B0FD298449FE000ABB8D /* Debug */ = {
			isa = XCBuildConfiguration;
			buildSettings = {
				ALWAYS_EMBED_SWIFT_STANDARD_LIBRARIES = YES;
				ASSETCATALOG_COMPILER_APPICON_NAME = AppIcon;
				ASSETCATALOG_COMPILER_GLOBAL_ACCENT_COLOR_NAME = AccentColor;
				CLANG_USE_OPTIMIZATION_PROFILE = YES;
				CODE_SIGN_STYLE = Automatic;
				CURRENT_PROJECT_VERSION = 1.0.3.1;
				DEVELOPMENT_ASSET_PATHS = "\"Quran/Preview Content\"";
				DEVELOPMENT_TEAM = QN843L945A;
				ENABLE_PREVIEWS = YES;
				GENERATE_INFOPLIST_FILE = YES;
				INFOPLIST_FILE = Quran/Info.plist;
				INFOPLIST_KEY_LSApplicationCategoryType = "public.app-category.books";
				INFOPLIST_KEY_UIApplicationSupportsIndirectInputEvents = YES;
				INFOPLIST_KEY_UILaunchScreen_Generation = YES;
				INFOPLIST_KEY_UISupportedInterfaceOrientations_iPad = "UIInterfaceOrientationPortrait UIInterfaceOrientationPortraitUpsideDown UIInterfaceOrientationLandscapeLeft UIInterfaceOrientationLandscapeRight";
				INFOPLIST_KEY_UISupportedInterfaceOrientations_iPhone = "UIInterfaceOrientationPortrait UIInterfaceOrientationLandscapeLeft UIInterfaceOrientationLandscapeRight";
				IPHONEOS_DEPLOYMENT_TARGET = 16.0;
				LD_RUNPATH_SEARCH_PATHS = (
					"$(inherited)",
					"@executable_path/Frameworks",
				);
				MARKETING_VERSION = 1.0.3;
				PRODUCT_BUNDLE_IDENTIFIER = com.afrcvn.Quran;
				PRODUCT_NAME = "$(TARGET_NAME)";
				SWIFT_EMIT_LOC_STRINGS = YES;
				SWIFT_VERSION = 5.0;
				TARGETED_DEVICE_FAMILY = "1,2";
			};
			name = Debug;
		};
		F4A4B0FE298449FE000ABB8D /* Release */ = {
			isa = XCBuildConfiguration;
			buildSettings = {
				ALWAYS_EMBED_SWIFT_STANDARD_LIBRARIES = YES;
				ASSETCATALOG_COMPILER_APPICON_NAME = AppIcon;
				ASSETCATALOG_COMPILER_GLOBAL_ACCENT_COLOR_NAME = AccentColor;
				CLANG_USE_OPTIMIZATION_PROFILE = YES;
				CODE_SIGN_STYLE = Automatic;
				CURRENT_PROJECT_VERSION = 1.0.3.1;
				DEVELOPMENT_ASSET_PATHS = "\"Quran/Preview Content\"";
				DEVELOPMENT_TEAM = QN843L945A;
				ENABLE_PREVIEWS = YES;
				GENERATE_INFOPLIST_FILE = YES;
				INFOPLIST_FILE = Quran/Info.plist;
				INFOPLIST_KEY_LSApplicationCategoryType = "public.app-category.books";
				INFOPLIST_KEY_UIApplicationSupportsIndirectInputEvents = YES;
				INFOPLIST_KEY_UILaunchScreen_Generation = YES;
				INFOPLIST_KEY_UISupportedInterfaceOrientations_iPad = "UIInterfaceOrientationPortrait UIInterfaceOrientationPortraitUpsideDown UIInterfaceOrientationLandscapeLeft UIInterfaceOrientationLandscapeRight";
				INFOPLIST_KEY_UISupportedInterfaceOrientations_iPhone = "UIInterfaceOrientationPortrait UIInterfaceOrientationLandscapeLeft UIInterfaceOrientationLandscapeRight";
				IPHONEOS_DEPLOYMENT_TARGET = 16.0;
				LD_RUNPATH_SEARCH_PATHS = (
					"$(inherited)",
					"@executable_path/Frameworks",
				);
				MARKETING_VERSION = 1.0.3;
				PRODUCT_BUNDLE_IDENTIFIER = com.afrcvn.Quran;
				PRODUCT_NAME = "$(TARGET_NAME)";
				SWIFT_EMIT_LOC_STRINGS = YES;
				SWIFT_VERSION = 5.0;
				TARGETED_DEVICE_FAMILY = "1,2";
			};
			name = Release;
		};
/* End XCBuildConfiguration section */

/* Begin XCConfigurationList section */
		F4A4B0E4298449FB000ABB8D /* Build configuration list for PBXProject "Quran" */ = {
			isa = XCConfigurationList;
			buildConfigurations = (
				F4A4B0FA298449FE000ABB8D /* Debug */,
				F4A4B0FB298449FE000ABB8D /* Release */,
			);
			defaultConfigurationIsVisible = 0;
			defaultConfigurationName = Release;
		};
		F4A4B0FC298449FE000ABB8D /* Build configuration list for PBXNativeTarget "Quran" */ = {
			isa = XCConfigurationList;
			buildConfigurations = (
				F4A4B0FD298449FE000ABB8D /* Debug */,
				F4A4B0FE298449FE000ABB8D /* Release */,
			);
			defaultConfigurationIsVisible = 0;
			defaultConfigurationName = Release;
		};
/* End XCConfigurationList section */
	};
	rootObject = F4A4B0E1298449FB000ABB8D /* Project object */;
}
